<?xml version="1.0" encoding="UTF-8"?>
<!DOCTYPE plist PUBLIC "-//Apple//DTD PLIST 1.0//EN" "http://www.apple.com/DTDs/PropertyList-1.0.dtd">
<plist version="1.0">
<dict>
	<key>archiveVersion</key>
	<string>1</string>
	<key>classes</key>
	<dict/>
	<key>objectVersion</key>
	<string>46</string>
	<key>objects</key>
	<dict>
		<key>155C62DF8CD2FD3281D6670E</key>
		<dict>
			<key>buildActionMask</key>
			<string>2147483647</string>
			<key>files</key>
			<array/>
			<key>inputPaths</key>
			<array/>
			<key>isa</key>
			<string>PBXShellScriptBuildPhase</string>
			<key>name</key>
			<string>Copy Pods Resources</string>
			<key>outputPaths</key>
			<array/>
			<key>runOnlyForDeploymentPostprocessing</key>
			<string>0</string>
			<key>shellPath</key>
			<string>/bin/sh</string>
			<key>shellScript</key>
			<string>"${SRCROOT}/Pods/Target Support Files/Pods/Pods-resources.sh"
</string>
			<key>showEnvVarsInLog</key>
			<string>0</string>
		</dict>
		<key>5438F1151D113CDA00766D17</key>
		<dict>
			<key>fileEncoding</key>
			<string>4</string>
			<key>isa</key>
			<string>PBXFileReference</string>
			<key>lastKnownFileType</key>
			<string>sourcecode.c.h</string>
			<key>path</key>
			<string>MPCountingLine.h</string>
			<key>sourceTree</key>
			<string>&lt;group&gt;</string>
		</dict>
		<key>5438F1161D113CDA00766D17</key>
		<dict>
			<key>fileEncoding</key>
			<string>4</string>
			<key>isa</key>
			<string>PBXFileReference</string>
			<key>lastKnownFileType</key>
			<string>sourcecode.c.objc</string>
			<key>path</key>
			<string>MPCountingLine.m</string>
			<key>sourceTree</key>
			<string>&lt;group&gt;</string>
		</dict>
		<key>5438F1171D113CDA00766D17</key>
		<dict>
			<key>fileRef</key>
			<string>5438F1161D113CDA00766D17</string>
			<key>isa</key>
			<string>PBXBuildFile</string>
		</dict>
		<key>5439AF201D0AFF47009F2D9F</key>
		<dict>
			<key>fileEncoding</key>
			<string>4</string>
			<key>isa</key>
			<string>PBXFileReference</string>
			<key>lastKnownFileType</key>
			<string>sourcecode.c.h</string>
			<key>path</key>
			<string>MPCalendarHelper.h</string>
			<key>sourceTree</key>
			<string>&lt;group&gt;</string>
		</dict>
		<key>5439AF211D0AFF47009F2D9F</key>
		<dict>
			<key>fileEncoding</key>
			<string>4</string>
			<key>isa</key>
			<string>PBXFileReference</string>
			<key>lastKnownFileType</key>
			<string>sourcecode.c.objc</string>
			<key>path</key>
			<string>MPCalendarHelper.m</string>
			<key>sourceTree</key>
			<string>&lt;group&gt;</string>
		</dict>
		<key>5439AF221D0AFF47009F2D9F</key>
		<dict>
			<key>fileRef</key>
			<string>5439AF211D0AFF47009F2D9F</string>
			<key>isa</key>
			<string>PBXBuildFile</string>
		</dict>
		<key>543A02831C80901800305903</key>
		<dict>
			<key>fileEncoding</key>
			<string>4</string>
			<key>isa</key>
			<string>PBXFileReference</string>
			<key>lastKnownFileType</key>
			<string>sourcecode.c.h</string>
			<key>path</key>
			<string>MPStatisticView.h</string>
			<key>sourceTree</key>
			<string>&lt;group&gt;</string>
		</dict>
		<key>543A02841C80901800305903</key>
		<dict>
			<key>fileEncoding</key>
			<string>4</string>
			<key>isa</key>
			<string>PBXFileReference</string>
			<key>lastKnownFileType</key>
			<string>sourcecode.c.objc</string>
			<key>path</key>
			<string>MPStatisticView.m</string>
			<key>sourceTree</key>
			<string>&lt;group&gt;</string>
		</dict>
		<key>543A02851C80901800305903</key>
		<dict>
			<key>fileRef</key>
			<string>543A02841C80901800305903</string>
			<key>isa</key>
			<string>PBXBuildFile</string>
		</dict>
		<key>544A838F1C9167810082275E</key>
		<dict>
			<key>isa</key>
			<string>PBXFileReference</string>
			<key>lastKnownFileType</key>
			<string>sourcecode.c.h</string>
			<key>path</key>
			<string>PrefixHeader.pch</string>
			<key>sourceTree</key>
			<string>&lt;group&gt;</string>
		</dict>
		<key>544A83901C9172E30082275E</key>
		<dict>
			<key>fileEncoding</key>
			<string>4</string>
			<key>isa</key>
			<string>PBXFileReference</string>
			<key>lastKnownFileType</key>
			<string>sourcecode.c.h</string>
			<key>path</key>
			<string>MPTransTypeSwitcherView.h</string>
			<key>sourceTree</key>
			<string>&lt;group&gt;</string>
		</dict>
		<key>544A83911C9172E30082275E</key>
		<dict>
			<key>fileEncoding</key>
			<string>4</string>
			<key>isa</key>
			<string>PBXFileReference</string>
			<key>lastKnownFileType</key>
			<string>sourcecode.c.objc</string>
			<key>path</key>
			<string>MPTransTypeSwitcherView.m</string>
			<key>sourceTree</key>
			<string>&lt;group&gt;</string>
		</dict>
		<key>544A83921C9172E30082275E</key>
		<dict>
			<key>fileRef</key>
			<string>544A83911C9172E30082275E</string>
			<key>isa</key>
			<string>PBXBuildFile</string>
		</dict>
		<key>544A83931C91AAEE0082275E</key>
		<dict>
			<key>fileEncoding</key>
			<string>4</string>
			<key>isa</key>
			<string>PBXFileReference</string>
			<key>lastKnownFileType</key>
			<string>sourcecode.c.h</string>
			<key>path</key>
			<string>MPExtension.h</string>
			<key>sourceTree</key>
			<string>&lt;group&gt;</string>
		</dict>
		<key>544A83941C91AAEE0082275E</key>
		<dict>
			<key>fileEncoding</key>
			<string>4</string>
			<key>isa</key>
			<string>PBXFileReference</string>
			<key>lastKnownFileType</key>
			<string>sourcecode.c.objc</string>
			<key>path</key>
			<string>MPExtension.m</string>
			<key>sourceTree</key>
			<string>&lt;group&gt;</string>
		</dict>
		<key>544A83951C91AAEE0082275E</key>
		<dict>
			<key>fileRef</key>
			<string>544A83941C91AAEE0082275E</string>
			<key>isa</key>
			<string>PBXBuildFile</string>
		</dict>
		<key>544A83961C91B4A90082275E</key>
		<dict>
			<key>fileEncoding</key>
			<string>4</string>
			<key>isa</key>
			<string>PBXFileReference</string>
			<key>lastKnownFileType</key>
			<string>sourcecode.c.h</string>
			<key>path</key>
			<string>MPTransactionHistoryCell.h</string>
			<key>sourceTree</key>
			<string>&lt;group&gt;</string>
		</dict>
		<key>544A83971C91B4A90082275E</key>
		<dict>
			<key>fileEncoding</key>
			<string>4</string>
			<key>isa</key>
			<string>PBXFileReference</string>
			<key>lastKnownFileType</key>
			<string>sourcecode.c.objc</string>
			<key>path</key>
			<string>MPTransactionHistoryCell.m</string>
			<key>sourceTree</key>
			<string>&lt;group&gt;</string>
		</dict>
		<key>544A83991C91B4A90082275E</key>
		<dict>
			<key>fileRef</key>
			<string>544A83971C91B4A90082275E</string>
			<key>isa</key>
			<string>PBXBuildFile</string>
		</dict>
		<key>545BE7C11CF2EE3600BEE93B</key>
		<dict>
			<key>fileEncoding</key>
			<string>4</string>
			<key>isa</key>
			<string>PBXFileReference</string>
			<key>lastKnownFileType</key>
			<string>sourcecode.c.h</string>
			<key>path</key>
			<string>MPCoredataBridge.h</string>
			<key>sourceTree</key>
			<string>&lt;group&gt;</string>
		</dict>
		<key>545BE7C21CF2EE3600BEE93B</key>
		<dict>
			<key>fileEncoding</key>
			<string>4</string>
			<key>isa</key>
			<string>PBXFileReference</string>
			<key>lastKnownFileType</key>
			<string>sourcecode.c.objc</string>
			<key>path</key>
			<string>MPCoredataBridge.m</string>
			<key>sourceTree</key>
			<string>&lt;group&gt;</string>
		</dict>
		<key>545BE7C31CF2EE3600BEE93B</key>
		<dict>
			<key>fileRef</key>
			<string>545BE7C21CF2EE3600BEE93B</string>
			<key>isa</key>
			<string>PBXBuildFile</string>
		</dict>
		<key>545BE7C41CF3072000BEE93B</key>
		<dict>
			<key>children</key>
			<array/>
			<key>isa</key>
			<string>PBXGroup</string>
			<key>name</key>
			<string>Entities</string>
			<key>sourceTree</key>
			<string>&lt;group&gt;</string>
		</dict>
		<key>545BE7C51CF3204400BEE93B</key>
		<dict>
			<key>children</key>
			<array>
				<string>545BE7C61CF3205F00BEE93B</string>
				<string>545BE7C71CF3205F00BEE93B</string>
				<string>5439AF201D0AFF47009F2D9F</string>
				<string>5439AF211D0AFF47009F2D9F</string>
			</array>
			<key>isa</key>
			<string>PBXGroup</string>
			<key>name</key>
			<string>ChartViewController</string>
			<key>sourceTree</key>
			<string>&lt;group&gt;</string>
		</dict>
		<key>545BE7C61CF3205F00BEE93B</key>
		<dict>
			<key>fileEncoding</key>
			<string>4</string>
			<key>isa</key>
			<string>PBXFileReference</string>
			<key>lastKnownFileType</key>
			<string>sourcecode.c.h</string>
			<key>path</key>
			<string>MPChartViewController.h</string>
			<key>sourceTree</key>
			<string>&lt;group&gt;</string>
		</dict>
		<key>545BE7C71CF3205F00BEE93B</key>
		<dict>
			<key>fileEncoding</key>
			<string>4</string>
			<key>isa</key>
			<string>PBXFileReference</string>
			<key>lastKnownFileType</key>
			<string>sourcecode.c.objc</string>
			<key>path</key>
			<string>MPChartViewController.m</string>
			<key>sourceTree</key>
			<string>&lt;group&gt;</string>
		</dict>
		<key>545BE7C81CF3205F00BEE93B</key>
		<dict>
			<key>fileRef</key>
			<string>545BE7C71CF3205F00BEE93B</string>
			<key>isa</key>
			<string>PBXBuildFile</string>
		</dict>
		<key>546746C71C7EEF6B00113990</key>
		<dict>
			<key>children</key>
			<array>
				<string>546746D21C7EEF6B00113990</string>
				<string>546746D11C7EEF6B00113990</string>
				<string>B73650CEB9FCE255693D11A9</string>
				<string>A440F6C968CEEE492059A56F</string>
			</array>
			<key>isa</key>
			<string>PBXGroup</string>
			<key>sourceTree</key>
			<string>&lt;group&gt;</string>
		</dict>
		<key>546746C81C7EEF6B00113990</key>
		<dict>
			<key>attributes</key>
			<dict>
				<key>LastUpgradeCheck</key>
				<string>0720</string>
				<key>ORGANIZATIONNAME</key>
				<string>Michail</string>
				<key>TargetAttributes</key>
				<dict>
					<key>546746CF1C7EEF6B00113990</key>
					<dict>
						<key>CreatedOnToolsVersion</key>
						<string>7.2.1</string>
					</dict>
				</dict>
			</dict>
			<key>buildConfigurationList</key>
			<string>546746CB1C7EEF6B00113990</string>
			<key>compatibilityVersion</key>
			<string>Xcode 3.2</string>
			<key>developmentRegion</key>
			<string>English</string>
			<key>hasScannedForEncodings</key>
			<string>0</string>
			<key>isa</key>
			<string>PBXProject</string>
			<key>knownRegions</key>
			<array>
				<string>en</string>
				<string>Base</string>
			</array>
			<key>mainGroup</key>
			<string>546746C71C7EEF6B00113990</string>
			<key>productRefGroup</key>
			<string>546746D11C7EEF6B00113990</string>
			<key>projectDirPath</key>
			<string></string>
			<key>projectReferences</key>
			<array/>
			<key>projectRoot</key>
			<string></string>
			<key>targets</key>
			<array>
				<string>546746CF1C7EEF6B00113990</string>
			</array>
		</dict>
		<key>546746CB1C7EEF6B00113990</key>
		<dict>
			<key>buildConfigurations</key>
			<array>
				<string>546746E81C7EEF6B00113990</string>
				<string>546746E91C7EEF6B00113990</string>
			</array>
			<key>defaultConfigurationIsVisible</key>
			<string>0</string>
			<key>defaultConfigurationName</key>
			<string>Release</string>
			<key>isa</key>
			<string>XCConfigurationList</string>
		</dict>
		<key>546746CC1C7EEF6B00113990</key>
		<dict>
			<key>buildActionMask</key>
			<string>2147483647</string>
			<key>files</key>
			<array>
				<string>545BE7C81CF3205F00BEE93B</string>
				<string>546747081C7EFC2300113990</string>
				<string>546746DB1C7EEF6B00113990</string>
				<string>C21BAFCC1CBA863600E6DC20</string>
				<string>5478167C1D0ED7CA0035C64C</string>
				<string>C28A69E31C9D7BEF00A27814</string>
				<string>5438F1171D113CDA00766D17</string>
				<string>546746E11C7EEF6B00113990</string>
				<string>C21BAFD51CBAD58B00E6DC20</string>
				<string>C2E76E751CA6BABB00C770E2</string>
				<string>5439AF221D0AFF47009F2D9F</string>
				<string>546747191C7F2B5100113990</string>
				<string>C28A69DC1C9D7BEF00A27814</string>
				<string>545BE7C31CF2EE3600BEE93B</string>
				<string>546746D81C7EEF6B00113990</string>
				<string>C28A69E21C9D7BEF00A27814</string>
				<string>544A83951C91AAEE0082275E</string>
				<string>C225D8121C88DE9E00B933FF</string>
				<string>546746D51C7EEF6B00113990</string>
				<string>543A02851C80901800305903</string>
				<string>C2E300FE1C879E8F00285584</string>
				<string>544A83991C91B4A90082275E</string>
				<string>C22769251C8E44A0002359B3</string>
				<string>546747121C7EFFC000113990</string>
				<string>C2E76E781CA6BDFB00C770E2</string>
				<string>C28A69E11C9D7BEF00A27814</string>
				<string>C29F89C31CA48A8D00350B16</string>
				<string>C21BAFCF1CBA870100E6DC20</string>
				<string>C28A69DD1C9D7BEF00A27814</string>
				<string>C21BAFC31CB9A88400E6DC20</string>
				<string>544A83921C9172E30082275E</string>
				<string>C28A69DF1C9D7BEF00A27814</string>
				<string>C21BAFD21CBA915A00E6DC20</string>
				<string>C28A69DE1C9D7BEF00A27814</string>
				<string>C28A69E01C9D7BEF00A27814</string>
			</array>
			<key>isa</key>
			<string>PBXSourcesBuildPhase</string>
			<key>runOnlyForDeploymentPostprocessing</key>
			<string>0</string>
		</dict>
		<key>546746CD1C7EEF6B00113990</key>
		<dict>
			<key>buildActionMask</key>
			<string>2147483647</string>
			<key>files</key>
			<array>
				<string>C225D8151C88E5EF00B933FF</string>
				<string>5B3697CE55845B46D6C6FD12</string>
			</array>
			<key>isa</key>
			<string>PBXFrameworksBuildPhase</string>
			<key>runOnlyForDeploymentPostprocessing</key>
			<string>0</string>
		</dict>
		<key>546746CE1C7EEF6B00113990</key>
		<dict>
			<key>buildActionMask</key>
			<string>2147483647</string>
			<key>files</key>
			<array>
				<string>546747131C7EFFC000113990</string>
				<string>546746E61C7EEF6B00113990</string>
				<string>546746E31C7EEF6B00113990</string>
				<string>546746DE1C7EEF6B00113990</string>
			</array>
			<key>isa</key>
			<string>PBXResourcesBuildPhase</string>
			<key>runOnlyForDeploymentPostprocessing</key>
			<string>0</string>
		</dict>
		<key>546746CF1C7EEF6B00113990</key>
		<dict>
			<key>buildConfigurationList</key>
			<string>546746EA1C7EEF6B00113990</string>
			<key>buildPhases</key>
			<array>
				<string>89B3C2BEA1868731639BAD97</string>
				<string>546746CC1C7EEF6B00113990</string>
				<string>546746CD1C7EEF6B00113990</string>
				<string>546746CE1C7EEF6B00113990</string>
				<string>57CDC1FB5449FF86D8279609</string>
				<string>155C62DF8CD2FD3281D6670E</string>
			</array>
			<key>buildRules</key>
			<array/>
			<key>dependencies</key>
			<array/>
			<key>isa</key>
			<string>PBXNativeTarget</string>
			<key>name</key>
			<string>Jewarator</string>
			<key>productName</key>
			<string>test</string>
			<key>productReference</key>
			<string>546746D01C7EEF6B00113990</string>
			<key>productType</key>
			<string>com.apple.product-type.application</string>
		</dict>
		<key>546746D01C7EEF6B00113990</key>
		<dict>
			<key>explicitFileType</key>
			<string>wrapper.application</string>
			<key>includeInIndex</key>
			<string>0</string>
			<key>isa</key>
			<string>PBXFileReference</string>
			<key>path</key>
			<string>Jewarator.app</string>
			<key>sourceTree</key>
			<string>BUILT_PRODUCTS_DIR</string>
		</dict>
		<key>546746D11C7EEF6B00113990</key>
		<dict>
			<key>children</key>
			<array>
				<string>546746D01C7EEF6B00113990</string>
			</array>
			<key>isa</key>
			<string>PBXGroup</string>
			<key>name</key>
			<string>Products</string>
			<key>sourceTree</key>
			<string>&lt;group&gt;</string>
		</dict>
		<key>546746D21C7EEF6B00113990</key>
		<dict>
			<key>children</key>
			<array>
				<string>545BE7C41CF3072000BEE93B</string>
				<string>C225D80F1C88DE8300B933FF</string>
				<string>546746F91C7EF4BC00113990</string>
				<string>546747141C7F09A400113990</string>
				<string>546747151C7F09CB00113990</string>
				<string>546747161C7F09E300113990</string>
				<string>546746D61C7EEF6B00113990</string>
				<string>546746D71C7EEF6B00113990</string>
				<string>546746DC1C7EEF6B00113990</string>
				<string>548496211CEEF4670075AC8F</string>
				<string>546746E21C7EEF6B00113990</string>
				<string>546746E41C7EEF6B00113990</string>
				<string>546746E71C7EEF6B00113990</string>
				<string>546746DF1C7EEF6B00113990</string>
				<string>546746D31C7EEF6B00113990</string>
			</array>
			<key>isa</key>
			<string>PBXGroup</string>
			<key>path</key>
			<string>test</string>
			<key>sourceTree</key>
			<string>&lt;group&gt;</string>
		</dict>
		<key>546746D31C7EEF6B00113990</key>
		<dict>
			<key>children</key>
			<array>
				<string>546746D41C7EEF6B00113990</string>
				<string>544A838F1C9167810082275E</string>
			</array>
			<key>isa</key>
			<string>PBXGroup</string>
			<key>name</key>
			<string>Supporting Files</string>
			<key>sourceTree</key>
			<string>&lt;group&gt;</string>
		</dict>
		<key>546746D41C7EEF6B00113990</key>
		<dict>
			<key>isa</key>
			<string>PBXFileReference</string>
			<key>lastKnownFileType</key>
			<string>sourcecode.c.objc</string>
			<key>path</key>
			<string>main.m</string>
			<key>sourceTree</key>
			<string>&lt;group&gt;</string>
		</dict>
		<key>546746D51C7EEF6B00113990</key>
		<dict>
			<key>fileRef</key>
			<string>546746D41C7EEF6B00113990</string>
			<key>isa</key>
			<string>PBXBuildFile</string>
		</dict>
		<key>546746D61C7EEF6B00113990</key>
		<dict>
			<key>isa</key>
			<string>PBXFileReference</string>
			<key>lastKnownFileType</key>
			<string>sourcecode.c.h</string>
			<key>path</key>
			<string>AppDelegate.h</string>
			<key>sourceTree</key>
			<string>&lt;group&gt;</string>
		</dict>
		<key>546746D71C7EEF6B00113990</key>
		<dict>
			<key>isa</key>
			<string>PBXFileReference</string>
			<key>lastKnownFileType</key>
			<string>sourcecode.c.objc</string>
			<key>path</key>
			<string>AppDelegate.m</string>
			<key>sourceTree</key>
			<string>&lt;group&gt;</string>
		</dict>
		<key>546746D81C7EEF6B00113990</key>
		<dict>
			<key>fileRef</key>
			<string>546746D71C7EEF6B00113990</string>
			<key>isa</key>
			<string>PBXBuildFile</string>
		</dict>
		<key>546746D91C7EEF6B00113990</key>
		<dict>
			<key>isa</key>
			<string>PBXFileReference</string>
			<key>lastKnownFileType</key>
			<string>sourcecode.c.h</string>
			<key>path</key>
			<string>ViewController.h</string>
			<key>sourceTree</key>
			<string>&lt;group&gt;</string>
		</dict>
		<key>546746DA1C7EEF6B00113990</key>
		<dict>
			<key>isa</key>
			<string>PBXFileReference</string>
			<key>lastKnownFileType</key>
			<string>sourcecode.c.objc</string>
			<key>path</key>
			<string>ViewController.m</string>
			<key>sourceTree</key>
			<string>&lt;group&gt;</string>
		</dict>
		<key>546746DB1C7EEF6B00113990</key>
		<dict>
			<key>fileRef</key>
			<string>546746DA1C7EEF6B00113990</string>
			<key>isa</key>
			<string>PBXBuildFile</string>
		</dict>
		<key>546746DC1C7EEF6B00113990</key>
		<dict>
			<key>children</key>
			<array>
				<string>546746DD1C7EEF6B00113990</string>
			</array>
			<key>isa</key>
			<string>PBXVariantGroup</string>
			<key>name</key>
			<string>Main.storyboard</string>
			<key>sourceTree</key>
			<string>&lt;group&gt;</string>
		</dict>
		<key>546746DD1C7EEF6B00113990</key>
		<dict>
			<key>isa</key>
			<string>PBXFileReference</string>
			<key>lastKnownFileType</key>
			<string>file.storyboard</string>
			<key>name</key>
			<string>Base</string>
			<key>path</key>
			<string>Base.lproj/Main.storyboard</string>
			<key>sourceTree</key>
			<string>&lt;group&gt;</string>
		</dict>
		<key>546746DE1C7EEF6B00113990</key>
		<dict>
			<key>fileRef</key>
			<string>546746DC1C7EEF6B00113990</string>
			<key>isa</key>
			<string>PBXBuildFile</string>
		</dict>
		<key>546746DF1C7EEF6B00113990</key>
		<dict>
			<key>children</key>
			<array>
				<string>546746E01C7EEF6B00113990</string>
			</array>
			<key>currentVersion</key>
			<string>546746E01C7EEF6B00113990</string>
			<key>isa</key>
			<string>XCVersionGroup</string>
			<key>path</key>
			<string>test.xcdatamodeld</string>
			<key>sourceTree</key>
			<string>&lt;group&gt;</string>
			<key>versionGroupType</key>
			<string>wrapper.xcdatamodel</string>
		</dict>
		<key>546746E01C7EEF6B00113990</key>
		<dict>
			<key>isa</key>
			<string>PBXFileReference</string>
			<key>lastKnownFileType</key>
			<string>wrapper.xcdatamodel</string>
			<key>path</key>
			<string>test.xcdatamodel</string>
			<key>sourceTree</key>
			<string>&lt;group&gt;</string>
		</dict>
		<key>546746E11C7EEF6B00113990</key>
		<dict>
			<key>fileRef</key>
			<string>546746DF1C7EEF6B00113990</string>
			<key>isa</key>
			<string>PBXBuildFile</string>
		</dict>
		<key>546746E21C7EEF6B00113990</key>
		<dict>
			<key>isa</key>
			<string>PBXFileReference</string>
			<key>lastKnownFileType</key>
			<string>folder.assetcatalog</string>
			<key>path</key>
			<string>Assets.xcassets</string>
			<key>sourceTree</key>
			<string>&lt;group&gt;</string>
		</dict>
		<key>546746E31C7EEF6B00113990</key>
		<dict>
			<key>fileRef</key>
			<string>546746E21C7EEF6B00113990</string>
			<key>isa</key>
			<string>PBXBuildFile</string>
		</dict>
		<key>546746E41C7EEF6B00113990</key>
		<dict>
			<key>children</key>
			<array>
				<string>546746E51C7EEF6B00113990</string>
			</array>
			<key>isa</key>
			<string>PBXVariantGroup</string>
			<key>name</key>
			<string>LaunchScreen.storyboard</string>
			<key>sourceTree</key>
			<string>&lt;group&gt;</string>
		</dict>
		<key>546746E51C7EEF6B00113990</key>
		<dict>
			<key>isa</key>
			<string>PBXFileReference</string>
			<key>lastKnownFileType</key>
			<string>file.storyboard</string>
			<key>name</key>
			<string>Base</string>
			<key>path</key>
			<string>Base.lproj/LaunchScreen.storyboard</string>
			<key>sourceTree</key>
			<string>&lt;group&gt;</string>
		</dict>
		<key>546746E61C7EEF6B00113990</key>
		<dict>
			<key>fileRef</key>
			<string>546746E41C7EEF6B00113990</string>
			<key>isa</key>
			<string>PBXBuildFile</string>
		</dict>
		<key>546746E71C7EEF6B00113990</key>
		<dict>
			<key>isa</key>
			<string>PBXFileReference</string>
			<key>lastKnownFileType</key>
			<string>text.plist.xml</string>
			<key>path</key>
			<string>Info.plist</string>
			<key>sourceTree</key>
			<string>&lt;group&gt;</string>
		</dict>
		<key>546746E81C7EEF6B00113990</key>
		<dict>
			<key>buildSettings</key>
			<dict>
				<key>ALWAYS_SEARCH_USER_PATHS</key>
				<string>NO</string>
				<key>CLANG_CXX_LANGUAGE_STANDARD</key>
				<string>gnu++0x</string>
				<key>CLANG_CXX_LIBRARY</key>
				<string>libc++</string>
				<key>CLANG_ENABLE_MODULES</key>
				<string>YES</string>
				<key>CLANG_ENABLE_OBJC_ARC</key>
				<string>YES</string>
				<key>CLANG_WARN_BOOL_CONVERSION</key>
				<string>YES</string>
				<key>CLANG_WARN_CONSTANT_CONVERSION</key>
				<string>YES</string>
				<key>CLANG_WARN_DIRECT_OBJC_ISA_USAGE</key>
				<string>YES_ERROR</string>
				<key>CLANG_WARN_EMPTY_BODY</key>
				<string>YES</string>
				<key>CLANG_WARN_ENUM_CONVERSION</key>
				<string>YES</string>
				<key>CLANG_WARN_INT_CONVERSION</key>
				<string>YES</string>
				<key>CLANG_WARN_OBJC_ROOT_CLASS</key>
				<string>YES_ERROR</string>
				<key>CLANG_WARN_UNREACHABLE_CODE</key>
				<string>YES</string>
				<key>CLANG_WARN__DUPLICATE_METHOD_MATCH</key>
				<string>YES</string>
				<key>CODE_SIGN_IDENTITY[sdk=iphoneos*]</key>
				<string>iPhone Developer</string>
				<key>COPY_PHASE_STRIP</key>
				<string>NO</string>
				<key>DEBUG_INFORMATION_FORMAT</key>
				<string>dwarf</string>
				<key>ENABLE_STRICT_OBJC_MSGSEND</key>
				<string>YES</string>
				<key>ENABLE_TESTABILITY</key>
				<string>YES</string>
				<key>GCC_C_LANGUAGE_STANDARD</key>
				<string>gnu99</string>
				<key>GCC_DYNAMIC_NO_PIC</key>
				<string>NO</string>
				<key>GCC_NO_COMMON_BLOCKS</key>
				<string>YES</string>
				<key>GCC_OPTIMIZATION_LEVEL</key>
				<string>0</string>
				<key>GCC_PRECOMPILE_PREFIX_HEADER</key>
				<string>NO</string>
				<key>GCC_PREFIX_HEADER</key>
				<string></string>
				<key>GCC_PREPROCESSOR_DEFINITIONS</key>
				<array>
					<string>DEBUG=1</string>
					<string>$(inherited)</string>
				</array>
				<key>GCC_WARN_64_TO_32_BIT_CONVERSION</key>
				<string>YES</string>
				<key>GCC_WARN_ABOUT_RETURN_TYPE</key>
				<string>YES_ERROR</string>
				<key>GCC_WARN_UNDECLARED_SELECTOR</key>
				<string>YES</string>
				<key>GCC_WARN_UNINITIALIZED_AUTOS</key>
				<string>YES_AGGRESSIVE</string>
				<key>GCC_WARN_UNUSED_FUNCTION</key>
				<string>YES</string>
				<key>GCC_WARN_UNUSED_VARIABLE</key>
				<string>YES</string>
				<key>IPHONEOS_DEPLOYMENT_TARGET</key>
				<string>9.2</string>
				<key>MTL_ENABLE_DEBUG_INFO</key>
				<string>YES</string>
				<key>ONLY_ACTIVE_ARCH</key>
				<string>YES</string>
				<key>SDKROOT</key>
				<string>iphoneos</string>
				<key>TARGETED_DEVICE_FAMILY</key>
				<string>1,2</string>
			</dict>
			<key>isa</key>
			<string>XCBuildConfiguration</string>
			<key>name</key>
			<string>Debug</string>
		</dict>
		<key>546746E91C7EEF6B00113990</key>
		<dict>
			<key>buildSettings</key>
			<dict>
				<key>ALWAYS_SEARCH_USER_PATHS</key>
				<string>NO</string>
				<key>CLANG_CXX_LANGUAGE_STANDARD</key>
				<string>gnu++0x</string>
				<key>CLANG_CXX_LIBRARY</key>
				<string>libc++</string>
				<key>CLANG_ENABLE_MODULES</key>
				<string>YES</string>
				<key>CLANG_ENABLE_OBJC_ARC</key>
				<string>YES</string>
				<key>CLANG_WARN_BOOL_CONVERSION</key>
				<string>YES</string>
				<key>CLANG_WARN_CONSTANT_CONVERSION</key>
				<string>YES</string>
				<key>CLANG_WARN_DIRECT_OBJC_ISA_USAGE</key>
				<string>YES_ERROR</string>
				<key>CLANG_WARN_EMPTY_BODY</key>
				<string>YES</string>
				<key>CLANG_WARN_ENUM_CONVERSION</key>
				<string>YES</string>
				<key>CLANG_WARN_INT_CONVERSION</key>
				<string>YES</string>
				<key>CLANG_WARN_OBJC_ROOT_CLASS</key>
				<string>YES_ERROR</string>
				<key>CLANG_WARN_UNREACHABLE_CODE</key>
				<string>YES</string>
				<key>CLANG_WARN__DUPLICATE_METHOD_MATCH</key>
				<string>YES</string>
				<key>CODE_SIGN_IDENTITY[sdk=iphoneos*]</key>
				<string>iPhone Developer</string>
				<key>COPY_PHASE_STRIP</key>
				<string>NO</string>
				<key>DEBUG_INFORMATION_FORMAT</key>
				<string>dwarf-with-dsym</string>
				<key>ENABLE_NS_ASSERTIONS</key>
				<string>NO</string>
				<key>ENABLE_STRICT_OBJC_MSGSEND</key>
				<string>YES</string>
				<key>GCC_C_LANGUAGE_STANDARD</key>
				<string>gnu99</string>
				<key>GCC_NO_COMMON_BLOCKS</key>
				<string>YES</string>
				<key>GCC_PRECOMPILE_PREFIX_HEADER</key>
				<string>NO</string>
				<key>GCC_PREFIX_HEADER</key>
				<string></string>
				<key>GCC_WARN_64_TO_32_BIT_CONVERSION</key>
				<string>YES</string>
				<key>GCC_WARN_ABOUT_RETURN_TYPE</key>
				<string>YES_ERROR</string>
				<key>GCC_WARN_UNDECLARED_SELECTOR</key>
				<string>YES</string>
				<key>GCC_WARN_UNINITIALIZED_AUTOS</key>
				<string>YES_AGGRESSIVE</string>
				<key>GCC_WARN_UNUSED_FUNCTION</key>
				<string>YES</string>
				<key>GCC_WARN_UNUSED_VARIABLE</key>
				<string>YES</string>
				<key>IPHONEOS_DEPLOYMENT_TARGET</key>
				<string>9.2</string>
				<key>MTL_ENABLE_DEBUG_INFO</key>
				<string>NO</string>
				<key>SDKROOT</key>
				<string>iphoneos</string>
				<key>TARGETED_DEVICE_FAMILY</key>
				<string>1,2</string>
				<key>VALIDATE_PRODUCT</key>
				<string>YES</string>
			</dict>
			<key>isa</key>
			<string>XCBuildConfiguration</string>
			<key>name</key>
			<string>Release</string>
		</dict>
		<key>546746EA1C7EEF6B00113990</key>
		<dict>
			<key>buildConfigurations</key>
			<array>
				<string>546746EB1C7EEF6B00113990</string>
				<string>546746EC1C7EEF6B00113990</string>
			</array>
			<key>defaultConfigurationIsVisible</key>
			<string>0</string>
			<key>defaultConfigurationName</key>
			<string>Release</string>
			<key>isa</key>
			<string>XCConfigurationList</string>
		</dict>
		<key>546746EB1C7EEF6B00113990</key>
		<dict>
			<key>baseConfigurationReference</key>
			<string>8E5AFD792099C1CB57AAF077</string>
			<key>buildSettings</key>
			<dict>
				<key>ASSETCATALOG_COMPILER_APPICON_NAME</key>
				<string>AppIcon</string>
				<key>GCC_PRECOMPILE_PREFIX_HEADER</key>
				<string>YES</string>
				<key>GCC_PREFIX_HEADER</key>
				<string>/Users/michail/Documents/test/test/test/PrefixHeader.pch</string>
				<key>INFOPLIST_FILE</key>
				<string>test/Info.plist</string>
				<key>LD_RUNPATH_SEARCH_PATHS</key>
				<string>$(inherited) @executable_path/Frameworks</string>
				<key>PRODUCT_BUNDLE_IDENTIFIER</key>
				<string>com.test.test</string>
				<key>PRODUCT_NAME</key>
				<string>Jewarator</string>
			</dict>
			<key>isa</key>
			<string>XCBuildConfiguration</string>
			<key>name</key>
			<string>Debug</string>
		</dict>
		<key>546746EC1C7EEF6B00113990</key>
		<dict>
			<key>baseConfigurationReference</key>
			<string>6DA6664E7D2064BBB91E190C</string>
			<key>buildSettings</key>
			<dict>
				<key>ASSETCATALOG_COMPILER_APPICON_NAME</key>
				<string>AppIcon</string>
				<key>GCC_PRECOMPILE_PREFIX_HEADER</key>
				<string>YES</string>
				<key>GCC_PREFIX_HEADER</key>
				<string>/Users/michail/Documents/test/test/test/PrefixHeader.pch</string>
				<key>INFOPLIST_FILE</key>
				<string>test/Info.plist</string>
				<key>LD_RUNPATH_SEARCH_PATHS</key>
				<string>$(inherited) @executable_path/Frameworks</string>
				<key>PRODUCT_BUNDLE_IDENTIFIER</key>
				<string>com.test.test</string>
				<key>PRODUCT_NAME</key>
				<string>Jewarator</string>
			</dict>
			<key>isa</key>
			<string>XCBuildConfiguration</string>
			<key>name</key>
			<string>Release</string>
		</dict>
		<key>546746F91C7EF4BC00113990</key>
		<dict>
			<key>children</key>
			<array>
				<string>C28A69CC1C9D7BEF00A27814</string>
				<string>C28A69CD1C9D7BEF00A27814</string>
				<string>C28A69CE1C9D7BEF00A27814</string>
				<string>C28A69CF1C9D7BEF00A27814</string>
				<string>C28A69D01C9D7BEF00A27814</string>
				<string>C28A69D11C9D7BEF00A27814</string>
				<string>C28A69D21C9D7BEF00A27814</string>
				<string>C28A69D31C9D7BEF00A27814</string>
				<string>C28A69D41C9D7BEF00A27814</string>
				<string>C28A69D51C9D7BEF00A27814</string>
				<string>C28A69D61C9D7BEF00A27814</string>
				<string>C28A69D71C9D7BEF00A27814</string>
				<string>C28A69D81C9D7BEF00A27814</string>
				<string>C28A69D91C9D7BEF00A27814</string>
				<string>C28A69DA1C9D7BEF00A27814</string>
				<string>C28A69DB1C9D7BEF00A27814</string>
			</array>
			<key>isa</key>
			<string>PBXGroup</string>
			<key>name</key>
			<string>CoreData Entities</string>
			<key>sourceTree</key>
			<string>&lt;group&gt;</string>
		</dict>
		<key>546747061C7EFC2300113990</key>
		<dict>
			<key>fileEncoding</key>
			<string>4</string>
			<key>isa</key>
			<string>PBXFileReference</string>
			<key>lastKnownFileType</key>
			<string>sourcecode.c.h</string>
			<key>path</key>
			<string>MPDashBoardBottomView.h</string>
			<key>sourceTree</key>
			<string>&lt;group&gt;</string>
		</dict>
		<key>546747071C7EFC2300113990</key>
		<dict>
			<key>fileEncoding</key>
			<string>4</string>
			<key>isa</key>
			<string>PBXFileReference</string>
			<key>lastKnownFileType</key>
			<string>sourcecode.c.objc</string>
			<key>path</key>
			<string>MPDashBoardBottomView.m</string>
			<key>sourceTree</key>
			<string>&lt;group&gt;</string>
		</dict>
		<key>546747081C7EFC2300113990</key>
		<dict>
			<key>fileRef</key>
			<string>546747071C7EFC2300113990</string>
			<key>isa</key>
			<string>PBXBuildFile</string>
		</dict>
		<key>5467470F1C7EFFC000113990</key>
		<dict>
			<key>fileEncoding</key>
			<string>4</string>
			<key>isa</key>
			<string>PBXFileReference</string>
			<key>lastKnownFileType</key>
			<string>sourcecode.c.h</string>
			<key>path</key>
			<string>MPDashboardBottomCellCollectionViewCell.h</string>
			<key>sourceTree</key>
			<string>&lt;group&gt;</string>
		</dict>
		<key>546747101C7EFFC000113990</key>
		<dict>
			<key>fileEncoding</key>
			<string>4</string>
			<key>isa</key>
			<string>PBXFileReference</string>
			<key>lastKnownFileType</key>
			<string>sourcecode.c.objc</string>
			<key>path</key>
			<string>MPDashboardBottomCellCollectionViewCell.m</string>
			<key>sourceTree</key>
			<string>&lt;group&gt;</string>
		</dict>
		<key>546747111C7EFFC000113990</key>
		<dict>
			<key>fileEncoding</key>
			<string>4</string>
			<key>isa</key>
			<string>PBXFileReference</string>
			<key>lastKnownFileType</key>
			<string>file.xib</string>
			<key>path</key>
			<string>MPDashboardBottomCellCollectionViewCell.xib</string>
			<key>sourceTree</key>
			<string>&lt;group&gt;</string>
		</dict>
		<key>546747121C7EFFC000113990</key>
		<dict>
			<key>fileRef</key>
			<string>546747101C7EFFC000113990</string>
			<key>isa</key>
			<string>PBXBuildFile</string>
		</dict>
		<key>546747131C7EFFC000113990</key>
		<dict>
			<key>fileRef</key>
			<string>546747111C7EFFC000113990</string>
			<key>isa</key>
			<string>PBXBuildFile</string>
		</dict>
		<key>546747141C7F09A400113990</key>
		<dict>
			<key>children</key>
			<array>
				<string>546747111C7EFFC000113990</string>
			</array>
			<key>isa</key>
			<string>PBXGroup</string>
			<key>name</key>
			<string>xib</string>
			<key>sourceTree</key>
			<string>&lt;group&gt;</string>
		</dict>
		<key>546747151C7F09CB00113990</key>
		<dict>
			<key>children</key>
			<array>
				<string>5467470F1C7EFFC000113990</string>
				<string>546747101C7EFFC000113990</string>
				<string>544A83961C91B4A90082275E</string>
				<string>544A83971C91B4A90082275E</string>
				<string>C2E76E731CA6BABB00C770E2</string>
				<string>C2E76E741CA6BABB00C770E2</string>
			</array>
			<key>isa</key>
			<string>PBXGroup</string>
			<key>name</key>
			<string>cells</string>
			<key>sourceTree</key>
			<string>&lt;group&gt;</string>
		</dict>
		<key>546747161C7F09E300113990</key>
		<dict>
			<key>children</key>
			<array>
				<string>C2E300FB1C8795C000285584</string>
				<string>546747061C7EFC2300113990</string>
				<string>546747071C7EFC2300113990</string>
				<string>543A02831C80901800305903</string>
				<string>543A02841C80901800305903</string>
			</array>
			<key>isa</key>
			<string>PBXGroup</string>
			<key>name</key>
			<string>Views</string>
			<key>sourceTree</key>
			<string>&lt;group&gt;</string>
		</dict>
		<key>546747171C7F2B5100113990</key>
		<dict>
			<key>fileEncoding</key>
			<string>4</string>
			<key>isa</key>
			<string>PBXFileReference</string>
			<key>lastKnownFileType</key>
			<string>sourcecode.c.h</string>
			<key>path</key>
			<string>MPAddingTransactViewController.h</string>
			<key>sourceTree</key>
			<string>&lt;group&gt;</string>
		</dict>
		<key>546747181C7F2B5100113990</key>
		<dict>
			<key>fileEncoding</key>
			<string>4</string>
			<key>isa</key>
			<string>PBXFileReference</string>
			<key>lastKnownFileType</key>
			<string>sourcecode.c.objc</string>
			<key>path</key>
			<string>MPAddingTransactViewController.m</string>
			<key>sourceTree</key>
			<string>&lt;group&gt;</string>
		</dict>
		<key>546747191C7F2B5100113990</key>
		<dict>
			<key>fileRef</key>
			<string>546747181C7F2B5100113990</string>
			<key>isa</key>
			<string>PBXBuildFile</string>
		</dict>
		<key>5478167A1D0ED7CA0035C64C</key>
		<dict>
			<key>fileEncoding</key>
			<string>4</string>
			<key>isa</key>
			<string>PBXFileReference</string>
			<key>lastKnownFileType</key>
			<string>sourcecode.c.h</string>
			<key>path</key>
			<string>NSManagedObjectContext+SRFetchAsync.h</string>
			<key>sourceTree</key>
			<string>&lt;group&gt;</string>
		</dict>
		<key>5478167B1D0ED7CA0035C64C</key>
		<dict>
			<key>fileEncoding</key>
			<string>4</string>
			<key>isa</key>
			<string>PBXFileReference</string>
			<key>lastKnownFileType</key>
			<string>sourcecode.c.objc</string>
			<key>path</key>
			<string>NSManagedObjectContext+SRFetchAsync.m</string>
			<key>sourceTree</key>
			<string>&lt;group&gt;</string>
		</dict>
		<key>5478167C1D0ED7CA0035C64C</key>
		<dict>
			<key>fileRef</key>
			<string>5478167B1D0ED7CA0035C64C</string>
			<key>isa</key>
			<string>PBXBuildFile</string>
		</dict>
		<key>548496211CEEF4670075AC8F</key>
		<dict>
			<key>children</key>
			<array>
				<string>545BE7C51CF3204400BEE93B</string>
				<string>548496221CEEF4970075AC8F</string>
				<string>548496231CEEF4A50075AC8F</string>
				<string>548496241CEEF4B40075AC8F</string>
				<string>548496251CEEF4C90075AC8F</string>
				<string>548496261CEEF4E00075AC8F</string>
			</array>
			<key>isa</key>
			<string>PBXGroup</string>
			<key>name</key>
			<string>ViewControllers</string>
			<key>sourceTree</key>
			<string>&lt;group&gt;</string>
		</dict>
		<key>548496221CEEF4970075AC8F</key>
		<dict>
			<key>children</key>
			<array>
				<string>546746D91C7EEF6B00113990</string>
				<string>546746DA1C7EEF6B00113990</string>
			</array>
			<key>isa</key>
			<string>PBXGroup</string>
			<key>name</key>
			<string>DashBoard</string>
			<key>sourceTree</key>
			<string>&lt;group&gt;</string>
		</dict>
		<key>548496231CEEF4A50075AC8F</key>
		<dict>
			<key>children</key>
			<array>
				<string>C2E76E771CA6BDFB00C770E2</string>
				<string>C2E76E761CA6BDFB00C770E2</string>
			</array>
			<key>isa</key>
			<string>PBXGroup</string>
			<key>name</key>
			<string>EarningHistory</string>
			<key>sourceTree</key>
			<string>&lt;group&gt;</string>
		</dict>
		<key>548496241CEEF4B40075AC8F</key>
		<dict>
			<key>children</key>
			<array>
				<string>C22769231C8E44A0002359B3</string>
				<string>C22769241C8E44A0002359B3</string>
			</array>
			<key>isa</key>
			<string>PBXGroup</string>
			<key>name</key>
			<string>TransactionHistory</string>
			<key>sourceTree</key>
			<string>&lt;group&gt;</string>
		</dict>
		<key>548496251CEEF4C90075AC8F</key>
		<dict>
			<key>children</key>
			<array>
				<string>546747171C7F2B5100113990</string>
				<string>546747181C7F2B5100113990</string>
			</array>
			<key>isa</key>
			<string>PBXGroup</string>
			<key>name</key>
			<string>AddTransaction</string>
			<key>sourceTree</key>
			<string>&lt;group&gt;</string>
		</dict>
		<key>548496261CEEF4E00075AC8F</key>
		<dict>
			<key>children</key>
			<array>
				<string>C29F89C11CA48A8D00350B16</string>
				<string>C29F89C21CA48A8D00350B16</string>
			</array>
			<key>isa</key>
			<string>PBXGroup</string>
			<key>name</key>
			<string>AddEarning</string>
			<key>sourceTree</key>
			<string>&lt;group&gt;</string>
		</dict>
		<key>57CDC1FB5449FF86D8279609</key>
		<dict>
			<key>buildActionMask</key>
			<string>2147483647</string>
			<key>files</key>
			<array/>
			<key>inputPaths</key>
			<array/>
			<key>isa</key>
			<string>PBXShellScriptBuildPhase</string>
			<key>name</key>
			<string>Embed Pods Frameworks</string>
			<key>outputPaths</key>
			<array/>
			<key>runOnlyForDeploymentPostprocessing</key>
			<string>0</string>
			<key>shellPath</key>
			<string>/bin/sh</string>
			<key>shellScript</key>
			<string>"${SRCROOT}/Pods/Target Support Files/Pods/Pods-frameworks.sh"
</string>
			<key>showEnvVarsInLog</key>
			<string>0</string>
		</dict>
		<key>5B3697CE55845B46D6C6FD12</key>
		<dict>
			<key>fileRef</key>
			<string>D065C6BF2847E8AFC2DF5F87</string>
			<key>isa</key>
			<string>PBXBuildFile</string>
		</dict>
		<key>6DA6664E7D2064BBB91E190C</key>
		<dict>
			<key>includeInIndex</key>
			<string>1</string>
			<key>isa</key>
			<string>PBXFileReference</string>
			<key>lastKnownFileType</key>
			<string>text.xcconfig</string>
			<key>name</key>
			<string>Pods.release.xcconfig</string>
			<key>path</key>
			<string>Pods/Target Support Files/Pods/Pods.release.xcconfig</string>
			<key>sourceTree</key>
			<string>&lt;group&gt;</string>
		</dict>
		<key>89B3C2BEA1868731639BAD97</key>
		<dict>
			<key>buildActionMask</key>
			<string>2147483647</string>
			<key>files</key>
			<array/>
			<key>inputPaths</key>
			<array/>
			<key>isa</key>
			<string>PBXShellScriptBuildPhase</string>
			<key>name</key>
			<string>Check Pods Manifest.lock</string>
			<key>outputPaths</key>
			<array/>
			<key>runOnlyForDeploymentPostprocessing</key>
			<string>0</string>
			<key>shellPath</key>
			<string>/bin/sh</string>
			<key>shellScript</key>
			<string>diff "${PODS_ROOT}/../Podfile.lock" "${PODS_ROOT}/Manifest.lock" &gt; /dev/null
if [[ $? != 0 ]] ; then
    cat &lt;&lt; EOM
error: The sandbox is not in sync with the Podfile.lock. Run 'pod install' or update your CocoaPods installation.
EOM
    exit 1
fi
</string>
			<key>showEnvVarsInLog</key>
			<string>0</string>
		</dict>
		<key>8E5AFD792099C1CB57AAF077</key>
		<dict>
			<key>includeInIndex</key>
			<string>1</string>
			<key>isa</key>
			<string>PBXFileReference</string>
			<key>lastKnownFileType</key>
			<string>text.xcconfig</string>
			<key>name</key>
			<string>Pods.debug.xcconfig</string>
			<key>path</key>
			<string>Pods/Target Support Files/Pods/Pods.debug.xcconfig</string>
			<key>sourceTree</key>
			<string>&lt;group&gt;</string>
		</dict>
		<key>92E6BF731A0708A84DDB3324</key>
		<dict>
			<key>explicitFileType</key>
			<string>archive.ar</string>
			<key>includeInIndex</key>
			<string>0</string>
			<key>isa</key>
			<string>PBXFileReference</string>
			<key>path</key>
			<string>libPods-test.a</string>
			<key>sourceTree</key>
			<string>BUILT_PRODUCTS_DIR</string>
		</dict>
		<key>A440F6C968CEEE492059A56F</key>
		<dict>
			<key>children</key>
			<array>
				<string>C225D8131C88E46600B933FF</string>
				<string>92E6BF731A0708A84DDB3324</string>
				<string>D065C6BF2847E8AFC2DF5F87</string>
			</array>
			<key>isa</key>
			<string>PBXGroup</string>
			<key>name</key>
			<string>Frameworks</string>
			<key>sourceTree</key>
			<string>&lt;group&gt;</string>
		</dict>
		<key>B73650CEB9FCE255693D11A9</key>
		<dict>
			<key>children</key>
			<array>
				<string>8E5AFD792099C1CB57AAF077</string>
				<string>6DA6664E7D2064BBB91E190C</string>
			</array>
			<key>isa</key>
			<string>PBXGroup</string>
			<key>name</key>
			<string>Pods</string>
			<key>sourceTree</key>
			<string>&lt;group&gt;</string>
		</dict>
		<key>C21BAFC11CB9A88400E6DC20</key>
		<dict>
			<key>fileEncoding</key>
			<string>4</string>
			<key>isa</key>
			<string>PBXFileReference</string>
			<key>lastKnownFileType</key>
			<string>sourcecode.c.h</string>
			<key>path</key>
			<string>NSDate+Formatter.h</string>
			<key>sourceTree</key>
			<string>&lt;group&gt;</string>
		</dict>
		<key>C21BAFC21CB9A88400E6DC20</key>
		<dict>
			<key>fileEncoding</key>
			<string>4</string>
			<key>isa</key>
			<string>PBXFileReference</string>
			<key>lastKnownFileType</key>
			<string>sourcecode.c.objc</string>
			<key>path</key>
			<string>NSDate+Formatter.m</string>
			<key>sourceTree</key>
			<string>&lt;group&gt;</string>
		</dict>
		<key>C21BAFC31CB9A88400E6DC20</key>
		<dict>
			<key>fileRef</key>
			<string>C21BAFC21CB9A88400E6DC20</string>
			<key>isa</key>
			<string>PBXBuildFile</string>
		</dict>
		<key>C21BAFCA1CBA863600E6DC20</key>
		<dict>
			<key>fileEncoding</key>
			<string>4</string>
			<key>isa</key>
			<string>PBXFileReference</string>
			<key>lastKnownFileType</key>
			<string>sourcecode.c.h</string>
			<key>path</key>
			<string>MPColorManager.h</string>
			<key>sourceTree</key>
			<string>&lt;group&gt;</string>
		</dict>
		<key>C21BAFCB1CBA863600E6DC20</key>
		<dict>
			<key>fileEncoding</key>
			<string>4</string>
			<key>isa</key>
			<string>PBXFileReference</string>
			<key>lastKnownFileType</key>
			<string>sourcecode.c.objc</string>
			<key>path</key>
			<string>MPColorManager.m</string>
			<key>sourceTree</key>
			<string>&lt;group&gt;</string>
		</dict>
		<key>C21BAFCC1CBA863600E6DC20</key>
		<dict>
			<key>fileRef</key>
			<string>C21BAFCB1CBA863600E6DC20</string>
			<key>isa</key>
			<string>PBXBuildFile</string>
		</dict>
		<key>C21BAFCD1CBA870100E6DC20</key>
		<dict>
			<key>fileEncoding</key>
			<string>4</string>
			<key>isa</key>
			<string>PBXFileReference</string>
			<key>lastKnownFileType</key>
			<string>sourcecode.c.h</string>
			<key>path</key>
			<string>UIColor+HexColor.h</string>
			<key>sourceTree</key>
			<string>&lt;group&gt;</string>
		</dict>
		<key>C21BAFCE1CBA870100E6DC20</key>
		<dict>
			<key>fileEncoding</key>
			<string>4</string>
			<key>isa</key>
			<string>PBXFileReference</string>
			<key>lastKnownFileType</key>
			<string>sourcecode.c.objc</string>
			<key>path</key>
			<string>UIColor+HexColor.m</string>
			<key>sourceTree</key>
			<string>&lt;group&gt;</string>
		</dict>
		<key>C21BAFCF1CBA870100E6DC20</key>
		<dict>
			<key>fileRef</key>
			<string>C21BAFCE1CBA870100E6DC20</string>
			<key>isa</key>
			<string>PBXBuildFile</string>
		</dict>
		<key>C21BAFD01CBA915A00E6DC20</key>
		<dict>
			<key>fileEncoding</key>
			<string>4</string>
			<key>isa</key>
			<string>PBXFileReference</string>
			<key>lastKnownFileType</key>
			<string>sourcecode.c.h</string>
			<key>path</key>
			<string>MPButton.h</string>
			<key>sourceTree</key>
			<string>&lt;group&gt;</string>
		</dict>
		<key>C21BAFD11CBA915A00E6DC20</key>
		<dict>
			<key>fileEncoding</key>
			<string>4</string>
			<key>isa</key>
			<string>PBXFileReference</string>
			<key>lastKnownFileType</key>
			<string>sourcecode.c.objc</string>
			<key>path</key>
			<string>MPButton.m</string>
			<key>sourceTree</key>
			<string>&lt;group&gt;</string>
		</dict>
		<key>C21BAFD21CBA915A00E6DC20</key>
		<dict>
			<key>fileRef</key>
			<string>C21BAFD11CBA915A00E6DC20</string>
			<key>isa</key>
			<string>PBXBuildFile</string>
		</dict>
		<key>C21BAFD31CBAD58B00E6DC20</key>
		<dict>
			<key>fileEncoding</key>
			<string>4</string>
			<key>isa</key>
			<string>PBXFileReference</string>
			<key>lastKnownFileType</key>
			<string>sourcecode.c.h</string>
			<key>path</key>
			<string>MPAlertAction.h</string>
			<key>sourceTree</key>
			<string>&lt;group&gt;</string>
		</dict>
		<key>C21BAFD41CBAD58B00E6DC20</key>
		<dict>
			<key>fileEncoding</key>
			<string>4</string>
			<key>isa</key>
			<string>PBXFileReference</string>
			<key>lastKnownFileType</key>
			<string>sourcecode.c.objc</string>
			<key>path</key>
			<string>MPAlertAction.m</string>
			<key>sourceTree</key>
			<string>&lt;group&gt;</string>
		</dict>
		<key>C21BAFD51CBAD58B00E6DC20</key>
		<dict>
			<key>fileRef</key>
			<string>C21BAFD41CBAD58B00E6DC20</string>
			<key>isa</key>
			<string>PBXBuildFile</string>
		</dict>
		<key>C225D80F1C88DE8300B933FF</key>
		<dict>
			<key>children</key>
			<array>
				<string>C225D8101C88DE9E00B933FF</string>
				<string>C225D8111C88DE9E00B933FF</string>
				<string>544A83931C91AAEE0082275E</string>
				<string>544A83941C91AAEE0082275E</string>
				<string>C21BAFC11CB9A88400E6DC20</string>
				<string>C21BAFC21CB9A88400E6DC20</string>
				<string>C21BAFCA1CBA863600E6DC20</string>
				<string>C21BAFCB1CBA863600E6DC20</string>
				<string>C21BAFCD1CBA870100E6DC20</string>
				<string>C21BAFCE1CBA870100E6DC20</string>
				<string>545BE7C11CF2EE3600BEE93B</string>
				<string>545BE7C21CF2EE3600BEE93B</string>
				<string>5478167A1D0ED7CA0035C64C</string>
				<string>5478167B1D0ED7CA0035C64C</string>
			</array>
			<key>isa</key>
			<string>PBXGroup</string>
			<key>name</key>
			<string>Helpers</string>
			<key>sourceTree</key>
			<string>&lt;group&gt;</string>
		</dict>
		<key>C225D8101C88DE9E00B933FF</key>
		<dict>
			<key>fileEncoding</key>
			<string>4</string>
			<key>isa</key>
			<string>PBXFileReference</string>
			<key>lastKnownFileType</key>
			<string>sourcecode.c.h</string>
			<key>path</key>
			<string>MPLocationManager.h</string>
			<key>sourceTree</key>
			<string>&lt;group&gt;</string>
		</dict>
		<key>C225D8111C88DE9E00B933FF</key>
		<dict>
			<key>fileEncoding</key>
			<string>4</string>
			<key>isa</key>
			<string>PBXFileReference</string>
			<key>lastKnownFileType</key>
			<string>sourcecode.c.objc</string>
			<key>path</key>
			<string>MPLocationManager.m</string>
			<key>sourceTree</key>
			<string>&lt;group&gt;</string>
		</dict>
		<key>C225D8121C88DE9E00B933FF</key>
		<dict>
			<key>fileRef</key>
			<string>C225D8111C88DE9E00B933FF</string>
			<key>isa</key>
			<string>PBXBuildFile</string>
		</dict>
		<key>C225D8131C88E46600B933FF</key>
		<dict>
			<key>isa</key>
			<string>PBXFileReference</string>
			<key>lastKnownFileType</key>
			<string>wrapper.framework</string>
			<key>name</key>
			<string>CoreLocation.framework</string>
			<key>path</key>
			<string>System/Library/Frameworks/CoreLocation.framework</string>
			<key>sourceTree</key>
			<string>SDKROOT</string>
		</dict>
		<key>C225D8151C88E5EF00B933FF</key>
		<dict>
			<key>fileRef</key>
			<string>C225D8131C88E46600B933FF</string>
			<key>isa</key>
			<string>PBXBuildFile</string>
		</dict>
		<key>C22769231C8E44A0002359B3</key>
		<dict>
			<key>fileEncoding</key>
			<string>4</string>
			<key>isa</key>
			<string>PBXFileReference</string>
			<key>lastKnownFileType</key>
			<string>sourcecode.c.h</string>
			<key>path</key>
			<string>MPTransactionsHistoryViewController.h</string>
			<key>sourceTree</key>
			<string>&lt;group&gt;</string>
		</dict>
		<key>C22769241C8E44A0002359B3</key>
		<dict>
			<key>fileEncoding</key>
			<string>4</string>
			<key>isa</key>
			<string>PBXFileReference</string>
			<key>lastKnownFileType</key>
			<string>sourcecode.c.objc</string>
			<key>path</key>
			<string>MPTransactionsHistoryViewController.m</string>
			<key>sourceTree</key>
			<string>&lt;group&gt;</string>
		</dict>
		<key>C22769251C8E44A0002359B3</key>
		<dict>
			<key>fileRef</key>
			<string>C22769241C8E44A0002359B3</string>
			<key>isa</key>
			<string>PBXBuildFile</string>
		</dict>
		<key>C28A69CC1C9D7BEF00A27814</key>
		<dict>
			<key>fileEncoding</key>
			<string>4</string>
			<key>isa</key>
			<string>PBXFileReference</string>
			<key>lastKnownFileType</key>
			<string>sourcecode.c.h</string>
			<key>path</key>
			<string>Transaction+CoreDataProperties.h</string>
			<key>sourceTree</key>
			<string>&lt;group&gt;</string>
		</dict>
		<key>C28A69CD1C9D7BEF00A27814</key>
		<dict>
			<key>fileEncoding</key>
			<string>4</string>
			<key>isa</key>
			<string>PBXFileReference</string>
			<key>lastKnownFileType</key>
			<string>sourcecode.c.objc</string>
			<key>path</key>
			<string>Transaction+CoreDataProperties.m</string>
			<key>sourceTree</key>
			<string>&lt;group&gt;</string>
		</dict>
		<key>C28A69CE1C9D7BEF00A27814</key>
		<dict>
			<key>fileEncoding</key>
			<string>4</string>
			<key>isa</key>
			<string>PBXFileReference</string>
			<key>lastKnownFileType</key>
			<string>sourcecode.c.h</string>
			<key>path</key>
			<string>Transaction.h</string>
			<key>sourceTree</key>
			<string>&lt;group&gt;</string>
		</dict>
		<key>C28A69CF1C9D7BEF00A27814</key>
		<dict>
			<key>fileEncoding</key>
			<string>4</string>
			<key>isa</key>
			<string>PBXFileReference</string>
			<key>lastKnownFileType</key>
			<string>sourcecode.c.objc</string>
			<key>path</key>
			<string>Transaction.m</string>
			<key>sourceTree</key>
			<string>&lt;group&gt;</string>
		</dict>
		<key>C28A69D01C9D7BEF00A27814</key>
		<dict>
			<key>fileEncoding</key>
			<string>4</string>
			<key>isa</key>
			<string>PBXFileReference</string>
			<key>lastKnownFileType</key>
			<string>sourcecode.c.h</string>
			<key>path</key>
			<string>Balance+CoreDataProperties.h</string>
			<key>sourceTree</key>
			<string>&lt;group&gt;</string>
		</dict>
		<key>C28A69D11C9D7BEF00A27814</key>
		<dict>
			<key>fileEncoding</key>
			<string>4</string>
			<key>isa</key>
			<string>PBXFileReference</string>
			<key>lastKnownFileType</key>
			<string>sourcecode.c.objc</string>
			<key>path</key>
			<string>Balance+CoreDataProperties.m</string>
			<key>sourceTree</key>
			<string>&lt;group&gt;</string>
		</dict>
		<key>C28A69D21C9D7BEF00A27814</key>
		<dict>
			<key>fileEncoding</key>
			<string>4</string>
			<key>isa</key>
			<string>PBXFileReference</string>
			<key>lastKnownFileType</key>
			<string>sourcecode.c.h</string>
			<key>path</key>
			<string>Balance.h</string>
			<key>sourceTree</key>
			<string>&lt;group&gt;</string>
		</dict>
		<key>C28A69D31C9D7BEF00A27814</key>
		<dict>
			<key>fileEncoding</key>
			<string>4</string>
			<key>isa</key>
			<string>PBXFileReference</string>
			<key>lastKnownFileType</key>
			<string>sourcecode.c.objc</string>
			<key>path</key>
			<string>Balance.m</string>
			<key>sourceTree</key>
			<string>&lt;group&gt;</string>
		</dict>
		<key>C28A69D41C9D7BEF00A27814</key>
		<dict>
			<key>fileEncoding</key>
			<string>4</string>
			<key>isa</key>
			<string>PBXFileReference</string>
			<key>lastKnownFileType</key>
			<string>sourcecode.c.h</string>
			<key>path</key>
			<string>Companion+CoreDataProperties.h</string>
			<key>sourceTree</key>
			<string>&lt;group&gt;</string>
		</dict>
		<key>C28A69D51C9D7BEF00A27814</key>
		<dict>
			<key>fileEncoding</key>
			<string>4</string>
			<key>isa</key>
			<string>PBXFileReference</string>
			<key>lastKnownFileType</key>
			<string>sourcecode.c.objc</string>
			<key>path</key>
			<string>Companion+CoreDataProperties.m</string>
			<key>sourceTree</key>
			<string>&lt;group&gt;</string>
		</dict>
		<key>C28A69D61C9D7BEF00A27814</key>
		<dict>
			<key>fileEncoding</key>
			<string>4</string>
			<key>isa</key>
			<string>PBXFileReference</string>
			<key>lastKnownFileType</key>
			<string>sourcecode.c.h</string>
			<key>path</key>
			<string>Companion.h</string>
			<key>sourceTree</key>
			<string>&lt;group&gt;</string>
		</dict>
		<key>C28A69D71C9D7BEF00A27814</key>
		<dict>
			<key>fileEncoding</key>
			<string>4</string>
			<key>isa</key>
			<string>PBXFileReference</string>
			<key>lastKnownFileType</key>
			<string>sourcecode.c.objc</string>
			<key>path</key>
			<string>Companion.m</string>
			<key>sourceTree</key>
			<string>&lt;group&gt;</string>
		</dict>
		<key>C28A69D81C9D7BEF00A27814</key>
		<dict>
			<key>fileEncoding</key>
			<string>4</string>
			<key>isa</key>
			<string>PBXFileReference</string>
			<key>lastKnownFileType</key>
			<string>sourcecode.c.h</string>
			<key>path</key>
			<string>Earning+CoreDataProperties.h</string>
			<key>sourceTree</key>
			<string>&lt;group&gt;</string>
		</dict>
		<key>C28A69D91C9D7BEF00A27814</key>
		<dict>
			<key>fileEncoding</key>
			<string>4</string>
			<key>isa</key>
			<string>PBXFileReference</string>
			<key>lastKnownFileType</key>
			<string>sourcecode.c.objc</string>
			<key>path</key>
			<string>Earning+CoreDataProperties.m</string>
			<key>sourceTree</key>
			<string>&lt;group&gt;</string>
		</dict>
		<key>C28A69DA1C9D7BEF00A27814</key>
		<dict>
			<key>fileEncoding</key>
			<string>4</string>
			<key>isa</key>
			<string>PBXFileReference</string>
			<key>lastKnownFileType</key>
			<string>sourcecode.c.h</string>
			<key>path</key>
			<string>Earning.h</string>
			<key>sourceTree</key>
			<string>&lt;group&gt;</string>
		</dict>
		<key>C28A69DB1C9D7BEF00A27814</key>
		<dict>
			<key>fileEncoding</key>
			<string>4</string>
			<key>isa</key>
			<string>PBXFileReference</string>
			<key>lastKnownFileType</key>
			<string>sourcecode.c.objc</string>
			<key>path</key>
			<string>Earning.m</string>
			<key>sourceTree</key>
			<string>&lt;group&gt;</string>
		</dict>
		<key>C28A69DC1C9D7BEF00A27814</key>
		<dict>
			<key>fileRef</key>
			<string>C28A69CD1C9D7BEF00A27814</string>
			<key>isa</key>
			<string>PBXBuildFile</string>
		</dict>
		<key>C28A69DD1C9D7BEF00A27814</key>
		<dict>
			<key>fileRef</key>
			<string>C28A69CF1C9D7BEF00A27814</string>
			<key>isa</key>
			<string>PBXBuildFile</string>
		</dict>
		<key>C28A69DE1C9D7BEF00A27814</key>
		<dict>
			<key>fileRef</key>
			<string>C28A69D11C9D7BEF00A27814</string>
			<key>isa</key>
			<string>PBXBuildFile</string>
		</dict>
		<key>C28A69DF1C9D7BEF00A27814</key>
		<dict>
			<key>fileRef</key>
			<string>C28A69D31C9D7BEF00A27814</string>
			<key>isa</key>
			<string>PBXBuildFile</string>
		</dict>
		<key>C28A69E01C9D7BEF00A27814</key>
		<dict>
			<key>fileRef</key>
			<string>C28A69D51C9D7BEF00A27814</string>
			<key>isa</key>
			<string>PBXBuildFile</string>
		</dict>
		<key>C28A69E11C9D7BEF00A27814</key>
		<dict>
			<key>fileRef</key>
			<string>C28A69D71C9D7BEF00A27814</string>
			<key>isa</key>
			<string>PBXBuildFile</string>
		</dict>
		<key>C28A69E21C9D7BEF00A27814</key>
		<dict>
			<key>fileRef</key>
			<string>C28A69D91C9D7BEF00A27814</string>
			<key>isa</key>
			<string>PBXBuildFile</string>
		</dict>
		<key>C28A69E31C9D7BEF00A27814</key>
		<dict>
			<key>fileRef</key>
			<string>C28A69DB1C9D7BEF00A27814</string>
			<key>isa</key>
			<string>PBXBuildFile</string>
		</dict>
		<key>C29F89C11CA48A8D00350B16</key>
		<dict>
			<key>fileEncoding</key>
			<string>4</string>
			<key>isa</key>
			<string>PBXFileReference</string>
			<key>lastKnownFileType</key>
			<string>sourcecode.c.h</string>
			<key>path</key>
			<string>MPAddingEarningViewController.h</string>
			<key>sourceTree</key>
			<string>&lt;group&gt;</string>
		</dict>
		<key>C29F89C21CA48A8D00350B16</key>
		<dict>
			<key>fileEncoding</key>
			<string>4</string>
			<key>isa</key>
			<string>PBXFileReference</string>
			<key>lastKnownFileType</key>
			<string>sourcecode.c.objc</string>
			<key>path</key>
			<string>MPAddingEarningViewController.m</string>
			<key>sourceTree</key>
			<string>&lt;group&gt;</string>
		</dict>
		<key>C29F89C31CA48A8D00350B16</key>
		<dict>
			<key>fileRef</key>
			<string>C29F89C21CA48A8D00350B16</string>
			<key>isa</key>
			<string>PBXBuildFile</string>
		</dict>
		<key>C2E300FB1C8795C000285584</key>
		<dict>
			<key>children</key>
			<array>
				<string>C2E300FC1C879E8F00285584</string>
				<string>C2E300FD1C879E8F00285584</string>
				<string>544A83901C9172E30082275E</string>
				<string>544A83911C9172E30082275E</string>
				<string>C21BAFD01CBA915A00E6DC20</string>
				<string>C21BAFD11CBA915A00E6DC20</string>
				<string>C21BAFD31CBAD58B00E6DC20</string>
				<string>C21BAFD41CBAD58B00E6DC20</string>
				<string>5438F1151D113CDA00766D17</string>
				<string>5438F1161D113CDA00766D17</string>
			</array>
			<key>isa</key>
			<string>PBXGroup</string>
			<key>name</key>
			<string>TransactionVies</string>
			<key>sourceTree</key>
			<string>&lt;group&gt;</string>
		</dict>
		<key>C2E300FC1C879E8F00285584</key>
		<dict>
			<key>fileEncoding</key>
			<string>4</string>
			<key>isa</key>
			<string>PBXFileReference</string>
			<key>lastKnownFileType</key>
			<string>sourcecode.c.h</string>
			<key>path</key>
			<string>MPInputTextView.h</string>
			<key>sourceTree</key>
			<string>&lt;group&gt;</string>
		</dict>
		<key>C2E300FD1C879E8F00285584</key>
		<dict>
			<key>fileEncoding</key>
			<string>4</string>
			<key>isa</key>
			<string>PBXFileReference</string>
			<key>lastKnownFileType</key>
			<string>sourcecode.c.objc</string>
			<key>path</key>
			<string>MPInputTextView.m</string>
			<key>sourceTree</key>
			<string>&lt;group&gt;</string>
		</dict>
		<key>C2E300FE1C879E8F00285584</key>
		<dict>
			<key>fileRef</key>
			<string>C2E300FD1C879E8F00285584</string>
			<key>isa</key>
			<string>PBXBuildFile</string>
		</dict>
		<key>C2E76E731CA6BABB00C770E2</key>
		<dict>
			<key>fileEncoding</key>
			<string>4</string>
			<key>isa</key>
			<string>PBXFileReference</string>
			<key>lastKnownFileType</key>
			<string>sourcecode.c.h</string>
			<key>path</key>
			<string>MPEarningHistoryCell.h</string>
			<key>sourceTree</key>
			<string>&lt;group&gt;</string>
		</dict>
		<key>C2E76E741CA6BABB00C770E2</key>
		<dict>
			<key>fileEncoding</key>
			<string>4</string>
			<key>isa</key>
			<string>PBXFileReference</string>
			<key>lastKnownFileType</key>
			<string>sourcecode.c.objc</string>
			<key>path</key>
			<string>MPEarningHistoryCell.m</string>
			<key>sourceTree</key>
			<string>&lt;group&gt;</string>
		</dict>
		<key>C2E76E751CA6BABB00C770E2</key>
		<dict>
			<key>fileRef</key>
			<string>C2E76E741CA6BABB00C770E2</string>
			<key>isa</key>
			<string>PBXBuildFile</string>
		</dict>
		<key>C2E76E761CA6BDFB00C770E2</key>
		<dict>
			<key>fileEncoding</key>
			<string>4</string>
			<key>isa</key>
			<string>PBXFileReference</string>
			<key>lastKnownFileType</key>
			<string>sourcecode.c.h</string>
			<key>path</key>
			<string>MPEarningHistoryViewController.h</string>
			<key>sourceTree</key>
			<string>&lt;group&gt;</string>
		</dict>
		<key>C2E76E771CA6BDFB00C770E2</key>
		<dict>
			<key>fileEncoding</key>
			<string>4</string>
			<key>isa</key>
			<string>PBXFileReference</string>
			<key>lastKnownFileType</key>
			<string>sourcecode.c.objc</string>
			<key>path</key>
			<string>MPEarningHistoryViewController.m</string>
			<key>sourceTree</key>
			<string>&lt;group&gt;</string>
		</dict>
		<key>C2E76E781CA6BDFB00C770E2</key>
		<dict>
			<key>fileRef</key>
			<string>C2E76E771CA6BDFB00C770E2</string>
			<key>isa</key>
			<string>PBXBuildFile</string>
		</dict>
		<key>D065C6BF2847E8AFC2DF5F87</key>
		<dict>
			<key>explicitFileType</key>
			<string>archive.ar</string>
			<key>includeInIndex</key>
			<string>0</string>
			<key>isa</key>
			<string>PBXFileReference</string>
			<key>path</key>
			<string>libPods.a</string>
			<key>sourceTree</key>
			<string>BUILT_PRODUCTS_DIR</string>
		</dict>
	</dict>
	<key>rootObject</key>
	<string>546746C81C7EEF6B00113990</string>
</dict>
</plist>
