PODS:
  - DCAnimationKit (0.0.6)
  - DCPathButton (2.1.3)
  - Masonry (1.0.0)
  - PNChart (0.8.8):
    - UICountingLabel (~> 1.2.0)
  - UICountingLabel (1.2.0)

DEPENDENCIES:
  - DCAnimationKit
  - DCPathButton (~> 2.1.3)
  - Masonry
  - PNChart

SPEC CHECKSUMS:
  DCAnimationKit: 7133bef877ce1aa113dcfeea1380ca67f91f7608
  DCPathButton: 431bb93072e8d25bd0de0eaa0373e39d896a38e3
  Masonry: b529bb169217897b6354d4b56b1fada6d475b13d
  PNChart: 25f91e9c4688af49c3647489760624d037f5383f
  UICountingLabel: 1db4e7d023e1762171eb226d6dff47a7a84f27aa

COCOAPODS: 0.39.0
