// !$*UTF8*$!
{
	archiveVersion = 1;
	classes = {
	};
	objectVersion = 46;
	objects = {

/* Begin PBXBuildFile section */
		543A02851C80901800305903 /* MPStatisticView.m in Sources */ = {isa = PBXBuildFile; fileRef = 543A02841C80901800305903 /* MPStatisticView.m */; };
		544A83921C9172E30082275E /* MPTransTypeSwitcherView.m in Sources */ = {isa = PBXBuildFile; fileRef = 544A83911C9172E30082275E /* MPTransTypeSwitcherView.m */; };
		544A83951C91AAEE0082275E /* MPExtension.m in Sources */ = {isa = PBXBuildFile; fileRef = 544A83941C91AAEE0082275E /* MPExtension.m */; };
		544A83991C91B4A90082275E /* MPTransactionHistoryCell.m in Sources */ = {isa = PBXBuildFile; fileRef = 544A83971C91B4A90082275E /* MPTransactionHistoryCell.m */; };
		544A839A1C91B4A90082275E /* MPTransactionHistoryCell.xib in Resources */ = {isa = PBXBuildFile; fileRef = 544A83981C91B4A90082275E /* MPTransactionHistoryCell.xib */; };
		546746D51C7EEF6B00113990 /* main.m in Sources */ = {isa = PBXBuildFile; fileRef = 546746D41C7EEF6B00113990 /* main.m */; };
		546746D81C7EEF6B00113990 /* AppDelegate.m in Sources */ = {isa = PBXBuildFile; fileRef = 546746D71C7EEF6B00113990 /* AppDelegate.m */; };
		546746DB1C7EEF6B00113990 /* ViewController.m in Sources */ = {isa = PBXBuildFile; fileRef = 546746DA1C7EEF6B00113990 /* ViewController.m */; };
		546746DE1C7EEF6B00113990 /* Main.storyboard in Resources */ = {isa = PBXBuildFile; fileRef = 546746DC1C7EEF6B00113990 /* Main.storyboard */; };
		546746E11C7EEF6B00113990 /* test.xcdatamodeld in Sources */ = {isa = PBXBuildFile; fileRef = 546746DF1C7EEF6B00113990 /* test.xcdatamodeld */; };
		546746E31C7EEF6B00113990 /* Assets.xcassets in Resources */ = {isa = PBXBuildFile; fileRef = 546746E21C7EEF6B00113990 /* Assets.xcassets */; };
		546746E61C7EEF6B00113990 /* LaunchScreen.storyboard in Resources */ = {isa = PBXBuildFile; fileRef = 546746E41C7EEF6B00113990 /* LaunchScreen.storyboard */; };
		546747081C7EFC2300113990 /* MPDashBoardBottomView.m in Sources */ = {isa = PBXBuildFile; fileRef = 546747071C7EFC2300113990 /* MPDashBoardBottomView.m */; };
		546747121C7EFFC000113990 /* MPDashboardBottomCellCollectionViewCell.m in Sources */ = {isa = PBXBuildFile; fileRef = 546747101C7EFFC000113990 /* MPDashboardBottomCellCollectionViewCell.m */; };
		546747131C7EFFC000113990 /* MPDashboardBottomCellCollectionViewCell.xib in Resources */ = {isa = PBXBuildFile; fileRef = 546747111C7EFFC000113990 /* MPDashboardBottomCellCollectionViewCell.xib */; };
		546747191C7F2B5100113990 /* MPAddingTransactViewController.m in Sources */ = {isa = PBXBuildFile; fileRef = 546747181C7F2B5100113990 /* MPAddingTransactViewController.m */; };
		A1C1432C33C31E9B02CC4D51 /* libPods.a in Frameworks */ = {isa = PBXBuildFile; fileRef = 6C3F2D01B2EAA598E1851CDF /* libPods.a */; };
		C225D8121C88DE9E00B933FF /* MPLocationManager.m in Sources */ = {isa = PBXBuildFile; fileRef = C225D8111C88DE9E00B933FF /* MPLocationManager.m */; };
		C225D8151C88E5EF00B933FF /* CoreLocation.framework in Frameworks */ = {isa = PBXBuildFile; fileRef = C225D8131C88E46600B933FF /* CoreLocation.framework */; };
		C22769251C8E44A0002359B3 /* MPTransactionsHistoryViewController.m in Sources */ = {isa = PBXBuildFile; fileRef = C22769241C8E44A0002359B3 /* MPTransactionsHistoryViewController.m */; };
		C28A69DC1C9D7BEF00A27814 /* Transaction+CoreDataProperties.m in Sources */ = {isa = PBXBuildFile; fileRef = C28A69CD1C9D7BEF00A27814 /* Transaction+CoreDataProperties.m */; };
		C28A69DD1C9D7BEF00A27814 /* Transaction.m in Sources */ = {isa = PBXBuildFile; fileRef = C28A69CF1C9D7BEF00A27814 /* Transaction.m */; };
		C28A69DE1C9D7BEF00A27814 /* Balance+CoreDataProperties.m in Sources */ = {isa = PBXBuildFile; fileRef = C28A69D11C9D7BEF00A27814 /* Balance+CoreDataProperties.m */; };
		C28A69DF1C9D7BEF00A27814 /* Balance.m in Sources */ = {isa = PBXBuildFile; fileRef = C28A69D31C9D7BEF00A27814 /* Balance.m */; };
		C28A69E01C9D7BEF00A27814 /* Companion+CoreDataProperties.m in Sources */ = {isa = PBXBuildFile; fileRef = C28A69D51C9D7BEF00A27814 /* Companion+CoreDataProperties.m */; };
		C28A69E11C9D7BEF00A27814 /* Companion.m in Sources */ = {isa = PBXBuildFile; fileRef = C28A69D71C9D7BEF00A27814 /* Companion.m */; };
		C28A69E21C9D7BEF00A27814 /* Earning+CoreDataProperties.m in Sources */ = {isa = PBXBuildFile; fileRef = C28A69D91C9D7BEF00A27814 /* Earning+CoreDataProperties.m */; };
		C28A69E31C9D7BEF00A27814 /* Earning.m in Sources */ = {isa = PBXBuildFile; fileRef = C28A69DB1C9D7BEF00A27814 /* Earning.m */; };
		C29F89C31CA48A8D00350B16 /* MPAddingEarningViewController.m in Sources */ = {isa = PBXBuildFile; fileRef = C29F89C21CA48A8D00350B16 /* MPAddingEarningViewController.m */; };
		C2E300FE1C879E8F00285584 /* MPInputTextView.m in Sources */ = {isa = PBXBuildFile; fileRef = C2E300FD1C879E8F00285584 /* MPInputTextView.m */; };
		C2E76E751CA6BABB00C770E2 /* MPEarningHistoryCell.m in Sources */ = {isa = PBXBuildFile; fileRef = C2E76E741CA6BABB00C770E2 /* MPEarningHistoryCell.m */; };
		C2E76E781CA6BDFB00C770E2 /* MPEarningHistoryViewController.m in Sources */ = {isa = PBXBuildFile; fileRef = C2E76E771CA6BDFB00C770E2 /* MPEarningHistoryViewController.m */; };
/* End PBXBuildFile section */

/* Begin PBXFileReference section */
		543A02831C80901800305903 /* MPStatisticView.h */ = {isa = PBXFileReference; fileEncoding = 4; lastKnownFileType = sourcecode.c.h; path = MPStatisticView.h; sourceTree = "<group>"; };
		543A02841C80901800305903 /* MPStatisticView.m */ = {isa = PBXFileReference; fileEncoding = 4; lastKnownFileType = sourcecode.c.objc; path = MPStatisticView.m; sourceTree = "<group>"; };
		544A838F1C9167810082275E /* PrefixHeader.pch */ = {isa = PBXFileReference; lastKnownFileType = sourcecode.c.h; path = PrefixHeader.pch; sourceTree = "<group>"; };
		544A83901C9172E30082275E /* MPTransTypeSwitcherView.h */ = {isa = PBXFileReference; fileEncoding = 4; lastKnownFileType = sourcecode.c.h; path = MPTransTypeSwitcherView.h; sourceTree = "<group>"; };
		544A83911C9172E30082275E /* MPTransTypeSwitcherView.m */ = {isa = PBXFileReference; fileEncoding = 4; lastKnownFileType = sourcecode.c.objc; path = MPTransTypeSwitcherView.m; sourceTree = "<group>"; };
		544A83931C91AAEE0082275E /* MPExtension.h */ = {isa = PBXFileReference; fileEncoding = 4; lastKnownFileType = sourcecode.c.h; path = MPExtension.h; sourceTree = "<group>"; };
		544A83941C91AAEE0082275E /* MPExtension.m */ = {isa = PBXFileReference; fileEncoding = 4; lastKnownFileType = sourcecode.c.objc; path = MPExtension.m; sourceTree = "<group>"; };
		544A83961C91B4A90082275E /* MPTransactionHistoryCell.h */ = {isa = PBXFileReference; fileEncoding = 4; lastKnownFileType = sourcecode.c.h; path = MPTransactionHistoryCell.h; sourceTree = "<group>"; };
		544A83971C91B4A90082275E /* MPTransactionHistoryCell.m */ = {isa = PBXFileReference; fileEncoding = 4; lastKnownFileType = sourcecode.c.objc; path = MPTransactionHistoryCell.m; sourceTree = "<group>"; };
		544A83981C91B4A90082275E /* MPTransactionHistoryCell.xib */ = {isa = PBXFileReference; fileEncoding = 4; lastKnownFileType = file.xib; path = MPTransactionHistoryCell.xib; sourceTree = "<group>"; };
		546746D01C7EEF6B00113990 /* test.app */ = {isa = PBXFileReference; explicitFileType = wrapper.application; includeInIndex = 0; path = test.app; sourceTree = BUILT_PRODUCTS_DIR; };
		546746D41C7EEF6B00113990 /* main.m */ = {isa = PBXFileReference; lastKnownFileType = sourcecode.c.objc; path = main.m; sourceTree = "<group>"; };
		546746D61C7EEF6B00113990 /* AppDelegate.h */ = {isa = PBXFileReference; lastKnownFileType = sourcecode.c.h; path = AppDelegate.h; sourceTree = "<group>"; };
		546746D71C7EEF6B00113990 /* AppDelegate.m */ = {isa = PBXFileReference; lastKnownFileType = sourcecode.c.objc; path = AppDelegate.m; sourceTree = "<group>"; };
		546746D91C7EEF6B00113990 /* ViewController.h */ = {isa = PBXFileReference; lastKnownFileType = sourcecode.c.h; path = ViewController.h; sourceTree = "<group>"; };
		546746DA1C7EEF6B00113990 /* ViewController.m */ = {isa = PBXFileReference; lastKnownFileType = sourcecode.c.objc; path = ViewController.m; sourceTree = "<group>"; };
		546746DD1C7EEF6B00113990 /* Base */ = {isa = PBXFileReference; lastKnownFileType = file.storyboard; name = Base; path = Base.lproj/Main.storyboard; sourceTree = "<group>"; };
		546746E01C7EEF6B00113990 /* test.xcdatamodel */ = {isa = PBXFileReference; lastKnownFileType = wrapper.xcdatamodel; path = test.xcdatamodel; sourceTree = "<group>"; };
		546746E21C7EEF6B00113990 /* Assets.xcassets */ = {isa = PBXFileReference; lastKnownFileType = folder.assetcatalog; path = Assets.xcassets; sourceTree = "<group>"; };
		546746E51C7EEF6B00113990 /* Base */ = {isa = PBXFileReference; lastKnownFileType = file.storyboard; name = Base; path = Base.lproj/LaunchScreen.storyboard; sourceTree = "<group>"; };
		546746E71C7EEF6B00113990 /* Info.plist */ = {isa = PBXFileReference; lastKnownFileType = text.plist.xml; path = Info.plist; sourceTree = "<group>"; };
		546747061C7EFC2300113990 /* MPDashBoardBottomView.h */ = {isa = PBXFileReference; fileEncoding = 4; lastKnownFileType = sourcecode.c.h; path = MPDashBoardBottomView.h; sourceTree = "<group>"; };
		546747071C7EFC2300113990 /* MPDashBoardBottomView.m */ = {isa = PBXFileReference; fileEncoding = 4; lastKnownFileType = sourcecode.c.objc; path = MPDashBoardBottomView.m; sourceTree = "<group>"; };
		5467470F1C7EFFC000113990 /* MPDashboardBottomCellCollectionViewCell.h */ = {isa = PBXFileReference; fileEncoding = 4; lastKnownFileType = sourcecode.c.h; path = MPDashboardBottomCellCollectionViewCell.h; sourceTree = "<group>"; };
		546747101C7EFFC000113990 /* MPDashboardBottomCellCollectionViewCell.m */ = {isa = PBXFileReference; fileEncoding = 4; lastKnownFileType = sourcecode.c.objc; path = MPDashboardBottomCellCollectionViewCell.m; sourceTree = "<group>"; };
		546747111C7EFFC000113990 /* MPDashboardBottomCellCollectionViewCell.xib */ = {isa = PBXFileReference; fileEncoding = 4; lastKnownFileType = file.xib; path = MPDashboardBottomCellCollectionViewCell.xib; sourceTree = "<group>"; };
		546747171C7F2B5100113990 /* MPAddingTransactViewController.h */ = {isa = PBXFileReference; fileEncoding = 4; lastKnownFileType = sourcecode.c.h; path = MPAddingTransactViewController.h; sourceTree = "<group>"; };
		546747181C7F2B5100113990 /* MPAddingTransactViewController.m */ = {isa = PBXFileReference; fileEncoding = 4; lastKnownFileType = sourcecode.c.objc; path = MPAddingTransactViewController.m; sourceTree = "<group>"; };
		6C3F2D01B2EAA598E1851CDF /* libPods.a */ = {isa = PBXFileReference; explicitFileType = archive.ar; includeInIndex = 0; path = libPods.a; sourceTree = BUILT_PRODUCTS_DIR; };
		6DA6664E7D2064BBB91E190C /* Pods.release.xcconfig */ = {isa = PBXFileReference; includeInIndex = 1; lastKnownFileType = text.xcconfig; name = Pods.release.xcconfig; path = "Pods/Target Support Files/Pods/Pods.release.xcconfig"; sourceTree = "<group>"; };
		8E5AFD792099C1CB57AAF077 /* Pods.debug.xcconfig */ = {isa = PBXFileReference; includeInIndex = 1; lastKnownFileType = text.xcconfig; name = Pods.debug.xcconfig; path = "Pods/Target Support Files/Pods/Pods.debug.xcconfig"; sourceTree = "<group>"; };
		92E6BF731A0708A84DDB3324 /* libPods-test.a */ = {isa = PBXFileReference; explicitFileType = archive.ar; includeInIndex = 0; path = "libPods-test.a"; sourceTree = BUILT_PRODUCTS_DIR; };
		C225D8101C88DE9E00B933FF /* MPLocationManager.h */ = {isa = PBXFileReference; fileEncoding = 4; lastKnownFileType = sourcecode.c.h; path = MPLocationManager.h; sourceTree = "<group>"; };
		C225D8111C88DE9E00B933FF /* MPLocationManager.m */ = {isa = PBXFileReference; fileEncoding = 4; lastKnownFileType = sourcecode.c.objc; path = MPLocationManager.m; sourceTree = "<group>"; };
		C225D8131C88E46600B933FF /* CoreLocation.framework */ = {isa = PBXFileReference; lastKnownFileType = wrapper.framework; name = CoreLocation.framework; path = System/Library/Frameworks/CoreLocation.framework; sourceTree = SDKROOT; };
		C22769231C8E44A0002359B3 /* MPTransactionsHistoryViewController.h */ = {isa = PBXFileReference; fileEncoding = 4; lastKnownFileType = sourcecode.c.h; path = MPTransactionsHistoryViewController.h; sourceTree = "<group>"; };
		C22769241C8E44A0002359B3 /* MPTransactionsHistoryViewController.m */ = {isa = PBXFileReference; fileEncoding = 4; lastKnownFileType = sourcecode.c.objc; path = MPTransactionsHistoryViewController.m; sourceTree = "<group>"; };
		C28A69CC1C9D7BEF00A27814 /* Transaction+CoreDataProperties.h */ = {isa = PBXFileReference; fileEncoding = 4; lastKnownFileType = sourcecode.c.h; path = "Transaction+CoreDataProperties.h"; sourceTree = "<group>"; };
		C28A69CD1C9D7BEF00A27814 /* Transaction+CoreDataProperties.m */ = {isa = PBXFileReference; fileEncoding = 4; lastKnownFileType = sourcecode.c.objc; path = "Transaction+CoreDataProperties.m"; sourceTree = "<group>"; };
		C28A69CE1C9D7BEF00A27814 /* Transaction.h */ = {isa = PBXFileReference; fileEncoding = 4; lastKnownFileType = sourcecode.c.h; path = Transaction.h; sourceTree = "<group>"; };
		C28A69CF1C9D7BEF00A27814 /* Transaction.m */ = {isa = PBXFileReference; fileEncoding = 4; lastKnownFileType = sourcecode.c.objc; path = Transaction.m; sourceTree = "<group>"; };
		C28A69D01C9D7BEF00A27814 /* Balance+CoreDataProperties.h */ = {isa = PBXFileReference; fileEncoding = 4; lastKnownFileType = sourcecode.c.h; path = "Balance+CoreDataProperties.h"; sourceTree = "<group>"; };
		C28A69D11C9D7BEF00A27814 /* Balance+CoreDataProperties.m */ = {isa = PBXFileReference; fileEncoding = 4; lastKnownFileType = sourcecode.c.objc; path = "Balance+CoreDataProperties.m"; sourceTree = "<group>"; };
		C28A69D21C9D7BEF00A27814 /* Balance.h */ = {isa = PBXFileReference; fileEncoding = 4; lastKnownFileType = sourcecode.c.h; path = Balance.h; sourceTree = "<group>"; };
		C28A69D31C9D7BEF00A27814 /* Balance.m */ = {isa = PBXFileReference; fileEncoding = 4; lastKnownFileType = sourcecode.c.objc; path = Balance.m; sourceTree = "<group>"; };
		C28A69D41C9D7BEF00A27814 /* Companion+CoreDataProperties.h */ = {isa = PBXFileReference; fileEncoding = 4; lastKnownFileType = sourcecode.c.h; path = "Companion+CoreDataProperties.h"; sourceTree = "<group>"; };
		C28A69D51C9D7BEF00A27814 /* Companion+CoreDataProperties.m */ = {isa = PBXFileReference; fileEncoding = 4; lastKnownFileType = sourcecode.c.objc; path = "Companion+CoreDataProperties.m"; sourceTree = "<group>"; };
		C28A69D61C9D7BEF00A27814 /* Companion.h */ = {isa = PBXFileReference; fileEncoding = 4; lastKnownFileType = sourcecode.c.h; path = Companion.h; sourceTree = "<group>"; };
		C28A69D71C9D7BEF00A27814 /* Companion.m */ = {isa = PBXFileReference; fileEncoding = 4; lastKnownFileType = sourcecode.c.objc; path = Companion.m; sourceTree = "<group>"; };
		C28A69D81C9D7BEF00A27814 /* Earning+CoreDataProperties.h */ = {isa = PBXFileReference; fileEncoding = 4; lastKnownFileType = sourcecode.c.h; path = "Earning+CoreDataProperties.h"; sourceTree = "<group>"; };
		C28A69D91C9D7BEF00A27814 /* Earning+CoreDataProperties.m */ = {isa = PBXFileReference; fileEncoding = 4; lastKnownFileType = sourcecode.c.objc; path = "Earning+CoreDataProperties.m"; sourceTree = "<group>"; };
		C28A69DA1C9D7BEF00A27814 /* Earning.h */ = {isa = PBXFileReference; fileEncoding = 4; lastKnownFileType = sourcecode.c.h; path = Earning.h; sourceTree = "<group>"; };
		C28A69DB1C9D7BEF00A27814 /* Earning.m */ = {isa = PBXFileReference; fileEncoding = 4; lastKnownFileType = sourcecode.c.objc; path = Earning.m; sourceTree = "<group>"; };
		C29F89C11CA48A8D00350B16 /* MPAddingEarningViewController.h */ = {isa = PBXFileReference; fileEncoding = 4; lastKnownFileType = sourcecode.c.h; path = MPAddingEarningViewController.h; sourceTree = "<group>"; };
		C29F89C21CA48A8D00350B16 /* MPAddingEarningViewController.m */ = {isa = PBXFileReference; fileEncoding = 4; lastKnownFileType = sourcecode.c.objc; path = MPAddingEarningViewController.m; sourceTree = "<group>"; };
		C2E300FC1C879E8F00285584 /* MPInputTextView.h */ = {isa = PBXFileReference; fileEncoding = 4; lastKnownFileType = sourcecode.c.h; path = MPInputTextView.h; sourceTree = "<group>"; };
		C2E300FD1C879E8F00285584 /* MPInputTextView.m */ = {isa = PBXFileReference; fileEncoding = 4; lastKnownFileType = sourcecode.c.objc; path = MPInputTextView.m; sourceTree = "<group>"; };
		C2E76E731CA6BABB00C770E2 /* MPEarningHistoryCell.h */ = {isa = PBXFileReference; fileEncoding = 4; lastKnownFileType = sourcecode.c.h; path = MPEarningHistoryCell.h; sourceTree = "<group>"; };
		C2E76E741CA6BABB00C770E2 /* MPEarningHistoryCell.m */ = {isa = PBXFileReference; fileEncoding = 4; lastKnownFileType = sourcecode.c.objc; path = MPEarningHistoryCell.m; sourceTree = "<group>"; };
		C2E76E761CA6BDFB00C770E2 /* MPEarningHistoryViewController.h */ = {isa = PBXFileReference; fileEncoding = 4; lastKnownFileType = sourcecode.c.h; path = MPEarningHistoryViewController.h; sourceTree = "<group>"; };
		C2E76E771CA6BDFB00C770E2 /* MPEarningHistoryViewController.m */ = {isa = PBXFileReference; fileEncoding = 4; lastKnownFileType = sourcecode.c.objc; path = MPEarningHistoryViewController.m; sourceTree = "<group>"; };
/* End PBXFileReference section */

/* Begin PBXFrameworksBuildPhase section */
		546746CD1C7EEF6B00113990 /* Frameworks */ = {
			isa = PBXFrameworksBuildPhase;
			buildActionMask = 2147483647;
			files = (
				C225D8151C88E5EF00B933FF /* CoreLocation.framework in Frameworks */,
				A1C1432C33C31E9B02CC4D51 /* libPods.a in Frameworks */,
			);
			runOnlyForDeploymentPostprocessing = 0;
		};
/* End PBXFrameworksBuildPhase section */

/* Begin PBXGroup section */
		546746C71C7EEF6B00113990 = {
			isa = PBXGroup;
			children = (
				546746D21C7EEF6B00113990 /* test */,
				546746D11C7EEF6B00113990 /* Products */,
				B73650CEB9FCE255693D11A9 /* Pods */,
				A440F6C968CEEE492059A56F /* Frameworks */,
			);
			sourceTree = "<group>";
		};
		546746D11C7EEF6B00113990 /* Products */ = {
			isa = PBXGroup;
			children = (
				546746D01C7EEF6B00113990 /* test.app */,
			);
			name = Products;
			sourceTree = "<group>";
		};
		546746D21C7EEF6B00113990 /* test */ = {
			isa = PBXGroup;
			children = (
				C225D80F1C88DE8300B933FF /* Helpers */,
				546746F91C7EF4BC00113990 /* CoreData Entities */,
				546747141C7F09A400113990 /* xib */,
				546747151C7F09CB00113990 /* cells */,
				546747161C7F09E300113990 /* Views */,
				546746D61C7EEF6B00113990 /* AppDelegate.h */,
				546746D71C7EEF6B00113990 /* AppDelegate.m */,
				546746D91C7EEF6B00113990 /* ViewController.h */,
				546746DA1C7EEF6B00113990 /* ViewController.m */,
				546746DC1C7EEF6B00113990 /* Main.storyboard */,
				C2E76E761CA6BDFB00C770E2 /* MPEarningHistoryViewController.h */,
				C2E76E771CA6BDFB00C770E2 /* MPEarningHistoryViewController.m */,
				C22769231C8E44A0002359B3 /* MPTransactionsHistoryViewController.h */,
				C22769241C8E44A0002359B3 /* MPTransactionsHistoryViewController.m */,
				546747171C7F2B5100113990 /* MPAddingTransactViewController.h */,
				546747181C7F2B5100113990 /* MPAddingTransactViewController.m */,
				C29F89C11CA48A8D00350B16 /* MPAddingEarningViewController.h */,
				C29F89C21CA48A8D00350B16 /* MPAddingEarningViewController.m */,
				546746E21C7EEF6B00113990 /* Assets.xcassets */,
				546746E41C7EEF6B00113990 /* LaunchScreen.storyboard */,
				546746E71C7EEF6B00113990 /* Info.plist */,
				546746DF1C7EEF6B00113990 /* test.xcdatamodeld */,
				546746D31C7EEF6B00113990 /* Supporting Files */,
			);
			path = test;
			sourceTree = "<group>";
		};
		546746D31C7EEF6B00113990 /* Supporting Files */ = {
			isa = PBXGroup;
			children = (
				546746D41C7EEF6B00113990 /* main.m */,
				544A838F1C9167810082275E /* PrefixHeader.pch */,
			);
			name = "Supporting Files";
			sourceTree = "<group>";
		};
		546746F91C7EF4BC00113990 /* CoreData Entities */ = {
			isa = PBXGroup;
			children = (
				C28A69CC1C9D7BEF00A27814 /* Transaction+CoreDataProperties.h */,
				C28A69CD1C9D7BEF00A27814 /* Transaction+CoreDataProperties.m */,
				C28A69CE1C9D7BEF00A27814 /* Transaction.h */,
				C28A69CF1C9D7BEF00A27814 /* Transaction.m */,
				C28A69D01C9D7BEF00A27814 /* Balance+CoreDataProperties.h */,
				C28A69D11C9D7BEF00A27814 /* Balance+CoreDataProperties.m */,
				C28A69D21C9D7BEF00A27814 /* Balance.h */,
				C28A69D31C9D7BEF00A27814 /* Balance.m */,
				C28A69D41C9D7BEF00A27814 /* Companion+CoreDataProperties.h */,
				C28A69D51C9D7BEF00A27814 /* Companion+CoreDataProperties.m */,
				C28A69D61C9D7BEF00A27814 /* Companion.h */,
				C28A69D71C9D7BEF00A27814 /* Companion.m */,
				C28A69D81C9D7BEF00A27814 /* Earning+CoreDataProperties.h */,
				C28A69D91C9D7BEF00A27814 /* Earning+CoreDataProperties.m */,
				C28A69DA1C9D7BEF00A27814 /* Earning.h */,
				C28A69DB1C9D7BEF00A27814 /* Earning.m */,
			);
			name = "CoreData Entities";
			sourceTree = "<group>";
		};
		546747141C7F09A400113990 /* xib */ = {
			isa = PBXGroup;
			children = (
				546747111C7EFFC000113990 /* MPDashboardBottomCellCollectionViewCell.xib */,
			);
			name = xib;
			sourceTree = "<group>";
		};
		546747151C7F09CB00113990 /* cells */ = {
			isa = PBXGroup;
			children = (
				5467470F1C7EFFC000113990 /* MPDashboardBottomCellCollectionViewCell.h */,
				546747101C7EFFC000113990 /* MPDashboardBottomCellCollectionViewCell.m */,
				544A83961C91B4A90082275E /* MPTransactionHistoryCell.h */,
				544A83971C91B4A90082275E /* MPTransactionHistoryCell.m */,
				544A83981C91B4A90082275E /* MPTransactionHistoryCell.xib */,
				C2E76E731CA6BABB00C770E2 /* MPEarningHistoryCell.h */,
				C2E76E741CA6BABB00C770E2 /* MPEarningHistoryCell.m */,
			);
			name = cells;
			sourceTree = "<group>";
		};
		546747161C7F09E300113990 /* Views */ = {
			isa = PBXGroup;
			children = (
				C2E300FB1C8795C000285584 /* TransactionVies */,
				546747061C7EFC2300113990 /* MPDashBoardBottomView.h */,
				546747071C7EFC2300113990 /* MPDashBoardBottomView.m */,
				543A02831C80901800305903 /* MPStatisticView.h */,
				543A02841C80901800305903 /* MPStatisticView.m */,
			);
			name = Views;
			sourceTree = "<group>";
		};
		A440F6C968CEEE492059A56F /* Frameworks */ = {
			isa = PBXGroup;
			children = (
				C225D8131C88E46600B933FF /* CoreLocation.framework */,
				92E6BF731A0708A84DDB3324 /* libPods-test.a */,
				6C3F2D01B2EAA598E1851CDF /* libPods.a */,
			);
			name = Frameworks;
			sourceTree = "<group>";
		};
		B73650CEB9FCE255693D11A9 /* Pods */ = {
			isa = PBXGroup;
			children = (
				8E5AFD792099C1CB57AAF077 /* Pods.debug.xcconfig */,
				6DA6664E7D2064BBB91E190C /* Pods.release.xcconfig */,
			);
			name = Pods;
			sourceTree = "<group>";
		};
		C225D80F1C88DE8300B933FF /* Helpers */ = {
			isa = PBXGroup;
			children = (
				C225D8101C88DE9E00B933FF /* MPLocationManager.h */,
				C225D8111C88DE9E00B933FF /* MPLocationManager.m */,
				544A83931C91AAEE0082275E /* MPExtension.h */,
				544A83941C91AAEE0082275E /* MPExtension.m */,
			);
			name = Helpers;
			sourceTree = "<group>";
		};
		C2E300FB1C8795C000285584 /* TransactionVies */ = {
			isa = PBXGroup;
			children = (
				C2E300FC1C879E8F00285584 /* MPInputTextView.h */,
				C2E300FD1C879E8F00285584 /* MPInputTextView.m */,
				544A83901C9172E30082275E /* MPTransTypeSwitcherView.h */,
				544A83911C9172E30082275E /* MPTransTypeSwitcherView.m */,
			);
			name = TransactionVies;
			sourceTree = "<group>";
		};
/* End PBXGroup section */

/* Begin PBXNativeTarget section */
		546746CF1C7EEF6B00113990 /* test */ = {
			isa = PBXNativeTarget;
			buildConfigurationList = 546746EA1C7EEF6B00113990 /* Build configuration list for PBXNativeTarget "test" */;
			buildPhases = (
				89B3C2BEA1868731639BAD97 /* Check Pods Manifest.lock */,
				546746CC1C7EEF6B00113990 /* Sources */,
				546746CD1C7EEF6B00113990 /* Frameworks */,
				546746CE1C7EEF6B00113990 /* Resources */,
				57CDC1FB5449FF86D8279609 /* Embed Pods Frameworks */,
				155C62DF8CD2FD3281D6670E /* Copy Pods Resources */,
			);
			buildRules = (
			);
			dependencies = (
			);
			name = test;
			productName = test;
			productReference = 546746D01C7EEF6B00113990 /* test.app */;
			productType = "com.apple.product-type.application";
		};
/* End PBXNativeTarget section */

/* Begin PBXProject section */
		546746C81C7EEF6B00113990 /* Project object */ = {
			isa = PBXProject;
			attributes = {
				LastUpgradeCheck = 0720;
				ORGANIZATIONNAME = Michail;
				TargetAttributes = {
					546746CF1C7EEF6B00113990 = {
						CreatedOnToolsVersion = 7.2.1;
					};
				};
			};
			buildConfigurationList = 546746CB1C7EEF6B00113990 /* Build configuration list for PBXProject "test" */;
			compatibilityVersion = "Xcode 3.2";
			developmentRegion = English;
			hasScannedForEncodings = 0;
			knownRegions = (
				en,
				Base,
			);
			mainGroup = 546746C71C7EEF6B00113990;
			productRefGroup = 546746D11C7EEF6B00113990 /* Products */;
			projectDirPath = "";
			projectRoot = "";
			targets = (
				546746CF1C7EEF6B00113990 /* test */,
			);
		};
/* End PBXProject section */

/* Begin PBXResourcesBuildPhase section */
		546746CE1C7EEF6B00113990 /* Resources */ = {
			isa = PBXResourcesBuildPhase;
			buildActionMask = 2147483647;
			files = (
				546747131C7EFFC000113990 /* MPDashboardBottomCellCollectionViewCell.xib in Resources */,
				546746E61C7EEF6B00113990 /* LaunchScreen.storyboard in Resources */,
				544A839A1C91B4A90082275E /* MPTransactionHistoryCell.xib in Resources */,
				546746E31C7EEF6B00113990 /* Assets.xcassets in Resources */,
				546746DE1C7EEF6B00113990 /* Main.storyboard in Resources */,
			);
			runOnlyForDeploymentPostprocessing = 0;
		};
/* End PBXResourcesBuildPhase section */

/* Begin PBXShellScriptBuildPhase section */
		155C62DF8CD2FD3281D6670E /* Copy Pods Resources */ = {
			isa = PBXShellScriptBuildPhase;
			buildActionMask = 2147483647;
			files = (
			);
			inputPaths = (
			);
			name = "Copy Pods Resources";
			outputPaths = (
			);
			runOnlyForDeploymentPostprocessing = 0;
			shellPath = /bin/sh;
			shellScript = "\"${SRCROOT}/Pods/Target Support Files/Pods/Pods-resources.sh\"\n";
			showEnvVarsInLog = 0;
		};
		57CDC1FB5449FF86D8279609 /* Embed Pods Frameworks */ = {
			isa = PBXShellScriptBuildPhase;
			buildActionMask = 2147483647;
			files = (
			);
			inputPaths = (
			);
			name = "Embed Pods Frameworks";
			outputPaths = (
			);
			runOnlyForDeploymentPostprocessing = 0;
			shellPath = /bin/sh;
			shellScript = "\"${SRCROOT}/Pods/Target Support Files/Pods/Pods-frameworks.sh\"\n";
			showEnvVarsInLog = 0;
		};
		89B3C2BEA1868731639BAD97 /* Check Pods Manifest.lock */ = {
			isa = PBXShellScriptBuildPhase;
			buildActionMask = 2147483647;
			files = (
			);
			inputPaths = (
			);
			name = "Check Pods Manifest.lock";
			outputPaths = (
			);
			runOnlyForDeploymentPostprocessing = 0;
			shellPath = /bin/sh;
			shellScript = "diff \"${PODS_ROOT}/../Podfile.lock\" \"${PODS_ROOT}/Manifest.lock\" > /dev/null\nif [[ $? != 0 ]] ; then\n    cat << EOM\nerror: The sandbox is not in sync with the Podfile.lock. Run 'pod install' or update your CocoaPods installation.\nEOM\n    exit 1\nfi\n";
			showEnvVarsInLog = 0;
		};
/* End PBXShellScriptBuildPhase section */

/* Begin PBXSourcesBuildPhase section */
		546746CC1C7EEF6B00113990 /* Sources */ = {
			isa = PBXSourcesBuildPhase;
			buildActionMask = 2147483647;
			files = (
				546747081C7EFC2300113990 /* MPDashBoardBottomView.m in Sources */,
				546746DB1C7EEF6B00113990 /* ViewController.m in Sources */,
				C28A69E31C9D7BEF00A27814 /* Earning.m in Sources */,
				546746E11C7EEF6B00113990 /* test.xcdatamodeld in Sources */,
				C2E76E751CA6BABB00C770E2 /* MPEarningHistoryCell.m in Sources */,
				546747191C7F2B5100113990 /* MPAddingTransactViewController.m in Sources */,
				C28A69DC1C9D7BEF00A27814 /* Transaction+CoreDataProperties.m in Sources */,
				546746D81C7EEF6B00113990 /* AppDelegate.m in Sources */,
				C28A69E21C9D7BEF00A27814 /* Earning+CoreDataProperties.m in Sources */,
				544A83951C91AAEE0082275E /* MPExtension.m in Sources */,
				C225D8121C88DE9E00B933FF /* MPLocationManager.m in Sources */,
				546746D51C7EEF6B00113990 /* main.m in Sources */,
				543A02851C80901800305903 /* MPStatisticView.m in Sources */,
				C2E300FE1C879E8F00285584 /* MPInputTextView.m in Sources */,
				544A83991C91B4A90082275E /* MPTransactionHistoryCell.m in Sources */,
				C22769251C8E44A0002359B3 /* MPTransactionsHistoryViewController.m in Sources */,
				546747121C7EFFC000113990 /* MPDashboardBottomCellCollectionViewCell.m in Sources */,
				C2E76E781CA6BDFB00C770E2 /* MPEarningHistoryViewController.m in Sources */,
				C28A69E11C9D7BEF00A27814 /* Companion.m in Sources */,
				C29F89C31CA48A8D00350B16 /* MPAddingEarningViewController.m in Sources */,
				C28A69DD1C9D7BEF00A27814 /* Transaction.m in Sources */,
				544A83921C9172E30082275E /* MPTransTypeSwitcherView.m in Sources */,
				C28A69DF1C9D7BEF00A27814 /* Balance.m in Sources */,
				C28A69DE1C9D7BEF00A27814 /* Balance+CoreDataProperties.m in Sources */,
				C28A69E01C9D7BEF00A27814 /* Companion+CoreDataProperties.m in Sources */,
			);
			runOnlyForDeploymentPostprocessing = 0;
		};
/* End PBXSourcesBuildPhase section */

/* Begin PBXVariantGroup section */
		546746DC1C7EEF6B00113990 /* Main.storyboard */ = {
			isa = PBXVariantGroup;
			children = (
				546746DD1C7EEF6B00113990 /* Base */,
			);
			name = Main.storyboard;
			sourceTree = "<group>";
		};
		546746E41C7EEF6B00113990 /* LaunchScreen.storyboard */ = {
			isa = PBXVariantGroup;
			children = (
				546746E51C7EEF6B00113990 /* Base */,
			);
			name = LaunchScreen.storyboard;
			sourceTree = "<group>";
		};
/* End PBXVariantGroup section */

/* Begin XCBuildConfiguration section */
		546746E81C7EEF6B00113990 /* Debug */ = {
			isa = XCBuildConfiguration;
			buildSettings = {
				ALWAYS_SEARCH_USER_PATHS = NO;
				CLANG_CXX_LANGUAGE_STANDARD = "gnu++0x";
				CLANG_CXX_LIBRARY = "libc++";
				CLANG_ENABLE_MODULES = YES;
				CLANG_ENABLE_OBJC_ARC = YES;
				CLANG_WARN_BOOL_CONVERSION = YES;
				CLANG_WARN_CONSTANT_CONVERSION = YES;
				CLANG_WARN_DIRECT_OBJC_ISA_USAGE = YES_ERROR;
				CLANG_WARN_EMPTY_BODY = YES;
				CLANG_WARN_ENUM_CONVERSION = YES;
				CLANG_WARN_INT_CONVERSION = YES;
				CLANG_WARN_OBJC_ROOT_CLASS = YES_ERROR;
				CLANG_WARN_UNREACHABLE_CODE = YES;
				CLANG_WARN__DUPLICATE_METHOD_MATCH = YES;
				"CODE_SIGN_IDENTITY[sdk=iphoneos*]" = "iPhone Developer";
				COPY_PHASE_STRIP = NO;
				DEBUG_INFORMATION_FORMAT = dwarf;
				ENABLE_STRICT_OBJC_MSGSEND = YES;
				ENABLE_TESTABILITY = YES;
				GCC_C_LANGUAGE_STANDARD = gnu99;
				GCC_DYNAMIC_NO_PIC = NO;
				GCC_NO_COMMON_BLOCKS = YES;
				GCC_OPTIMIZATION_LEVEL = 0;
				GCC_PRECOMPILE_PREFIX_HEADER = NO;
				GCC_PREFIX_HEADER = "";
				GCC_PREPROCESSOR_DEFINITIONS = (
					"DEBUG=1",
					"$(inherited)",
				);
				GCC_WARN_64_TO_32_BIT_CONVERSION = YES;
				GCC_WARN_ABOUT_RETURN_TYPE = YES_ERROR;
				GCC_WARN_UNDECLARED_SELECTOR = YES;
				GCC_WARN_UNINITIALIZED_AUTOS = YES_AGGRESSIVE;
				GCC_WARN_UNUSED_FUNCTION = YES;
				GCC_WARN_UNUSED_VARIABLE = YES;
				IPHONEOS_DEPLOYMENT_TARGET = 9.2;
				MTL_ENABLE_DEBUG_INFO = YES;
				ONLY_ACTIVE_ARCH = YES;
				SDKROOT = iphoneos;
				TARGETED_DEVICE_FAMILY = "1,2";
			};
			name = Debug;
		};
		546746E91C7EEF6B00113990 /* Release */ = {
			isa = XCBuildConfiguration;
			buildSettings = {
				ALWAYS_SEARCH_USER_PATHS = NO;
				CLANG_CXX_LANGUAGE_STANDARD = "gnu++0x";
				CLANG_CXX_LIBRARY = "libc++";
				CLANG_ENABLE_MODULES = YES;
				CLANG_ENABLE_OBJC_ARC = YES;
				CLANG_WARN_BOOL_CONVERSION = YES;
				CLANG_WARN_CONSTANT_CONVERSION = YES;
				CLANG_WARN_DIRECT_OBJC_ISA_USAGE = YES_ERROR;
				CLANG_WARN_EMPTY_BODY = YES;
				CLANG_WARN_ENUM_CONVERSION = YES;
				CLANG_WARN_INT_CONVERSION = YES;
				CLANG_WARN_OBJC_ROOT_CLASS = YES_ERROR;
				CLANG_WARN_UNREACHABLE_CODE = YES;
				CLANG_WARN__DUPLICATE_METHOD_MATCH = YES;
				"CODE_SIGN_IDENTITY[sdk=iphoneos*]" = "iPhone Developer";
				COPY_PHASE_STRIP = NO;
				DEBUG_INFORMATION_FORMAT = "dwarf-with-dsym";
				ENABLE_NS_ASSERTIONS = NO;
				ENABLE_STRICT_OBJC_MSGSEND = YES;
				GCC_C_LANGUAGE_STANDARD = gnu99;
				GCC_NO_COMMON_BLOCKS = YES;
				GCC_PRECOMPILE_PREFIX_HEADER = NO;
				GCC_PREFIX_HEADER = "";
				GCC_WARN_64_TO_32_BIT_CONVERSION = YES;
				GCC_WARN_ABOUT_RETURN_TYPE = YES_ERROR;
				GCC_WARN_UNDECLARED_SELECTOR = YES;
				GCC_WARN_UNINITIALIZED_AUTOS = YES_AGGRESSIVE;
				GCC_WARN_UNUSED_FUNCTION = YES;
				GCC_WARN_UNUSED_VARIABLE = YES;
				IPHONEOS_DEPLOYMENT_TARGET = 9.2;
				MTL_ENABLE_DEBUG_INFO = NO;
				SDKROOT = iphoneos;
				TARGETED_DEVICE_FAMILY = "1,2";
				VALIDATE_PRODUCT = YES;
			};
			name = Release;
		};
		546746EB1C7EEF6B00113990 /* Debug */ = {
			isa = XCBuildConfiguration;
			baseConfigurationReference = 8E5AFD792099C1CB57AAF077 /* Pods.debug.xcconfig */;
			buildSettings = {
				ASSETCATALOG_COMPILER_APPICON_NAME = AppIcon;
				GCC_PRECOMPILE_PREFIX_HEADER = YES;
				GCC_PREFIX_HEADER = /Users/MikhailPrysiazhniy/Documents/casher/test/test/PrefixHeader.pch;
				INFOPLIST_FILE = test/Info.plist;
				LD_RUNPATH_SEARCH_PATHS = "$(inherited) @executable_path/Frameworks";
				PRODUCT_BUNDLE_IDENTIFIER = com.test.test;
				PRODUCT_NAME = "$(TARGET_NAME)";
			};
			name = Debug;
		};
		546746EC1C7EEF6B00113990 /* Release */ = {
			isa = XCBuildConfiguration;
			baseConfigurationReference = 6DA6664E7D2064BBB91E190C /* Pods.release.xcconfig */;
			buildSettings = {
				ASSETCATALOG_COMPILER_APPICON_NAME = AppIcon;
				GCC_PRECOMPILE_PREFIX_HEADER = YES;
				GCC_PREFIX_HEADER = /Users/MikhailPrysiazhniy/Documents/casher/test/test/PrefixHeader.pch;
				INFOPLIST_FILE = test/Info.plist;
				LD_RUNPATH_SEARCH_PATHS = "$(inherited) @executable_path/Frameworks";
				PRODUCT_BUNDLE_IDENTIFIER = com.test.test;
				PRODUCT_NAME = "$(TARGET_NAME)";
			};
			name = Release;
		};
/* End XCBuildConfiguration section */

/* Begin XCConfigurationList section */
		546746CB1C7EEF6B00113990 /* Build configuration list for PBXProject "test" */ = {
			isa = XCConfigurationList;
			buildConfigurations = (
				546746E81C7EEF6B00113990 /* Debug */,
				546746E91C7EEF6B00113990 /* Release */,
			);
			defaultConfigurationIsVisible = 0;
			defaultConfigurationName = Release;
		};
		546746EA1C7EEF6B00113990 /* Build configuration list for PBXNativeTarget "test" */ = {
			isa = XCConfigurationList;
			buildConfigurations = (
				546746EB1C7EEF6B00113990 /* Debug */,
				546746EC1C7EEF6B00113990 /* Release */,
			);
			defaultConfigurationIsVisible = 0;
			defaultConfigurationName = Release;
		};
/* End XCConfigurationList section */

/* Begin XCVersionGroup section */
		546746DF1C7EEF6B00113990 /* test.xcdatamodeld */ = {
			isa = XCVersionGroup;
			children = (
				546746E01C7EEF6B00113990 /* test.xcdatamodel */,
			);
			currentVersion = 546746E01C7EEF6B00113990 /* test.xcdatamodel */;
			path = test.xcdatamodeld;
			sourceTree = "<group>";
			versionGroupType = wrapper.xcdatamodel;
		};
/* End XCVersionGroup section */
	};
	rootObject = 546746C81C7EEF6B00113990 /* Project object */;
}
